// !$*UTF8*$!
{
	archiveVersion = 1;
	classes = {
	};
	objectVersion = 46;
	objects = {

/* Begin PBXBuildFile section */
		8F45CD871A14F19900DF5ED0 /* diary.storyboard in Resources */ = {isa = PBXBuildFile; fileRef = 8F45CD861A14F19900DF5ED0 /* diary.storyboard */; };
		8F45CD891A14F23A00DF5ED0 /* settings.storyboard in Resources */ = {isa = PBXBuildFile; fileRef = 8F45CD881A14F23A00DF5ED0 /* settings.storyboard */; };
		8F45CD8B1A14F26100DF5ED0 /* schema.storyboard in Resources */ = {isa = PBXBuildFile; fileRef = 8F45CD8A1A14F26100DF5ED0 /* schema.storyboard */; };
		8F5FAB711A1E12E30027A02A /* SettingsPageViewController.m in Sources */ = {isa = PBXBuildFile; fileRef = 8F5FAB6C1A1E12E30027A02A /* SettingsPageViewController.m */; };
		8F5FAB721A1E12E30027A02A /* SettingsTypPageViewController.m in Sources */ = {isa = PBXBuildFile; fileRef = 8F5FAB6E1A1E12E30027A02A /* SettingsTypPageViewController.m */; };
		8F5FAB731A1E12E30027A02A /* SettingsTherapyPageViewController.m in Sources */ = {isa = PBXBuildFile; fileRef = 8F5FAB701A1E12E30027A02A /* SettingsTherapyPageViewController.m */; };
		8F84837B19CB313800DF1E16 /* Foundation.framework in Frameworks */ = {isa = PBXBuildFile; fileRef = 8F84837A19CB313800DF1E16 /* Foundation.framework */; };
		8F84837D19CB313800DF1E16 /* CoreGraphics.framework in Frameworks */ = {isa = PBXBuildFile; fileRef = 8F84837C19CB313800DF1E16 /* CoreGraphics.framework */; };
		8F84837F19CB313800DF1E16 /* UIKit.framework in Frameworks */ = {isa = PBXBuildFile; fileRef = 8F84837E19CB313800DF1E16 /* UIKit.framework */; };
		8F84838519CB313800DF1E16 /* InfoPlist.strings in Resources */ = {isa = PBXBuildFile; fileRef = 8F84838319CB313800DF1E16 /* InfoPlist.strings */; };
		8F84838719CB313800DF1E16 /* main.m in Sources */ = {isa = PBXBuildFile; fileRef = 8F84838619CB313800DF1E16 /* main.m */; };
		8F84838B19CB313800DF1E16 /* ch_bfh_bti8108_groupbjjmAppDelegate.m in Sources */ = {isa = PBXBuildFile; fileRef = 8F84838A19CB313800DF1E16 /* ch_bfh_bti8108_groupbjjmAppDelegate.m */; };
		8F84838E19CB313800DF1E16 /* Main_iPhone.storyboard in Resources */ = {isa = PBXBuildFile; fileRef = 8F84838C19CB313800DF1E16 /* Main_iPhone.storyboard */; };
		8F84839919CB313800DF1E16 /* Images.xcassets in Resources */ = {isa = PBXBuildFile; fileRef = 8F84839819CB313800DF1E16 /* Images.xcassets */; };
		8F8483A019CB313800DF1E16 /* XCTest.framework in Frameworks */ = {isa = PBXBuildFile; fileRef = 8F84839F19CB313800DF1E16 /* XCTest.framework */; };
		8F8483A119CB313800DF1E16 /* Foundation.framework in Frameworks */ = {isa = PBXBuildFile; fileRef = 8F84837A19CB313800DF1E16 /* Foundation.framework */; };
		8F8483A219CB313800DF1E16 /* UIKit.framework in Frameworks */ = {isa = PBXBuildFile; fileRef = 8F84837E19CB313800DF1E16 /* UIKit.framework */; };
		8F8483AA19CB313800DF1E16 /* InfoPlist.strings in Resources */ = {isa = PBXBuildFile; fileRef = 8F8483A819CB313800DF1E16 /* InfoPlist.strings */; };
		8F8483AC19CB313800DF1E16 /* bti8108_groupbjjm_diabetespassTests.m in Sources */ = {isa = PBXBuildFile; fileRef = 8F8483AB19CB313800DF1E16 /* bti8108_groupbjjm_diabetespassTests.m */; };
		8F8483B619CB315E00DF1E16 /* MapKit.framework in Frameworks */ = {isa = PBXBuildFile; fileRef = 8F8483B519CB315E00DF1E16 /* MapKit.framework */; };
		8F8B12291A14FF5700ABC711 /* Launch Screen.xib in Resources */ = {isa = PBXBuildFile; fileRef = 8F8B12281A14FF5700ABC711 /* Launch Screen.xib */; };
		8FA1A5201A1CC77C009E1E6C /* HealthKit.framework in Frameworks */ = {isa = PBXBuildFile; fileRef = 8FA1A51F1A1CC77C009E1E6C /* HealthKit.framework */; };
		8FA1A52D1A1CD865009E1E6C /* JBBarChartView.m in Sources */ = {isa = PBXBuildFile; fileRef = 8FA1A5281A1CD865009E1E6C /* JBBarChartView.m */; };
		8FA1A52E1A1CD865009E1E6C /* JBChartView.m in Sources */ = {isa = PBXBuildFile; fileRef = 8FA1A52A1A1CD865009E1E6C /* JBChartView.m */; };
		8FA1A52F1A1CD865009E1E6C /* JBLineChartView.m in Sources */ = {isa = PBXBuildFile; fileRef = 8FA1A52C1A1CD865009E1E6C /* JBLineChartView.m */; };
		8FC0653A1A0BC56100D853E6 /* CheckupPageViewController.m in Sources */ = {isa = PBXBuildFile; fileRef = 8FC065391A0BC56100D853E6 /* CheckupPageViewController.m */; };
		8FC0653D1A0BC82300D853E6 /* MainTabViewController.m in Sources */ = {isa = PBXBuildFile; fileRef = 8FC0653C1A0BC82300D853E6 /* MainTabViewController.m */; };
		8FC065401A0C07AE00D853E6 /* CheckupViewController.m in Sources */ = {isa = PBXBuildFile; fileRef = 8FC0653F1A0C07AE00D853E6 /* CheckupViewController.m */; };
		8FC065431A0C1BDE00D853E6 /* BlutzuckerPageViewController.m in Sources */ = {isa = PBXBuildFile; fileRef = 8FC065421A0C1BDE00D853E6 /* BlutzuckerPageViewController.m */; };
		8FC065461A0C1C0A00D853E6 /* BlutdruckPageViewController.m in Sources */ = {isa = PBXBuildFile; fileRef = 8FC065451A0C1C0A00D853E6 /* BlutdruckPageViewController.m */; };
		8FC0654A1A0C1C3E00D853E6 /* PulsPageViewController.m in Sources */ = {isa = PBXBuildFile; fileRef = 8FC065491A0C1C3E00D853E6 /* PulsPageViewController.m */; };
		8FC0654D1A0C1C6300D853E6 /* GewichtPageViewController.m in Sources */ = {isa = PBXBuildFile; fileRef = 8FC0654C1A0C1C6300D853E6 /* GewichtPageViewController.m */; };
		8FC065501A0C204A00D853E6 /* BasePageViewController.m in Sources */ = {isa = PBXBuildFile; fileRef = 8FC0654F1A0C204A00D853E6 /* BasePageViewController.m */; };
		8FC857B31A0CFA9D005DD780 /* apfel_biss.png in Resources */ = {isa = PBXBuildFile; fileRef = 8FC857AD1A0CFA9D005DD780 /* apfel_biss.png */; };
		8FC857B41A0CFA9D005DD780 /* apfel_ganz.png in Resources */ = {isa = PBXBuildFile; fileRef = 8FC857AE1A0CFA9D005DD780 /* apfel_ganz.png */; };
		8FC857B51A0CFA9D005DD780 /* blutdruck.png in Resources */ = {isa = PBXBuildFile; fileRef = 8FC857AF1A0CFA9D005DD780 /* blutdruck.png */; };
		8FC857B61A0CFA9D005DD780 /* gewicht.png in Resources */ = {isa = PBXBuildFile; fileRef = 8FC857B01A0CFA9D005DD780 /* gewicht.png */; };
		8FC857B71A0CFA9D005DD780 /* male.png in Resources */ = {isa = PBXBuildFile; fileRef = 8FC857B11A0CFA9D005DD780 /* male.png */; };
		8FC857B81A0CFA9D005DD780 /* puls.png in Resources */ = {isa = PBXBuildFile; fileRef = 8FC857B21A0CFA9D005DD780 /* puls.png */; };
		8FC857BB1A0CFD35005DD780 /* glucose.png in Resources */ = {isa = PBXBuildFile; fileRef = 8FC857BA1A0CFD35005DD780 /* glucose.png */; };
		8FC857BD1A0D0052005DD780 /* PageControllerView.xib in Resources */ = {isa = PBXBuildFile; fileRef = 8FC857BC1A0D0052005DD780 /* PageControllerView.xib */; };
/* End PBXBuildFile section */

/* Begin PBXContainerItemProxy section */
		8F8483A319CB313800DF1E16 /* PBXContainerItemProxy */ = {
			isa = PBXContainerItemProxy;
			containerPortal = 8F84836F19CB313700DF1E16 /* Project object */;
			proxyType = 1;
			remoteGlobalIDString = 8F84837619CB313700DF1E16;
			remoteInfo = bti8108.groupbjjm.diabetespass;
		};
/* End PBXContainerItemProxy section */

/* Begin PBXFileReference section */
		8F45CD861A14F19900DF5ED0 /* diary.storyboard */ = {isa = PBXFileReference; fileEncoding = 4; lastKnownFileType = file.storyboard; path = diary.storyboard; sourceTree = "<group>"; };
		8F45CD881A14F23A00DF5ED0 /* settings.storyboard */ = {isa = PBXFileReference; fileEncoding = 4; lastKnownFileType = file.storyboard; path = settings.storyboard; sourceTree = "<group>"; };
		8F45CD8A1A14F26100DF5ED0 /* schema.storyboard */ = {isa = PBXFileReference; fileEncoding = 4; lastKnownFileType = file.storyboard; path = schema.storyboard; sourceTree = "<group>"; };
		8F5FAB6B1A1E12E30027A02A /* SettingsPageViewController.h */ = {isa = PBXFileReference; fileEncoding = 4; lastKnownFileType = sourcecode.c.h; path = SettingsPageViewController.h; sourceTree = "<group>"; };
		8F5FAB6C1A1E12E30027A02A /* SettingsPageViewController.m */ = {isa = PBXFileReference; fileEncoding = 4; lastKnownFileType = sourcecode.c.objc; path = SettingsPageViewController.m; sourceTree = "<group>"; };
		8F5FAB6D1A1E12E30027A02A /* SettingsTypPageViewController.h */ = {isa = PBXFileReference; fileEncoding = 4; lastKnownFileType = sourcecode.c.h; path = SettingsTypPageViewController.h; sourceTree = "<group>"; };
		8F5FAB6E1A1E12E30027A02A /* SettingsTypPageViewController.m */ = {isa = PBXFileReference; fileEncoding = 4; lastKnownFileType = sourcecode.c.objc; path = SettingsTypPageViewController.m; sourceTree = "<group>"; };
		8F5FAB6F1A1E12E30027A02A /* SettingsTherapyPageViewController.h */ = {isa = PBXFileReference; fileEncoding = 4; lastKnownFileType = sourcecode.c.h; path = SettingsTherapyPageViewController.h; sourceTree = "<group>"; };
		8F5FAB701A1E12E30027A02A /* SettingsTherapyPageViewController.m */ = {isa = PBXFileReference; fileEncoding = 4; lastKnownFileType = sourcecode.c.objc; path = SettingsTherapyPageViewController.m; sourceTree = "<group>"; };
		8F84837719CB313800DF1E16 /* bti8108.groupbjjm.diabetespass.app */ = {isa = PBXFileReference; explicitFileType = wrapper.application; includeInIndex = 0; path = bti8108.groupbjjm.diabetespass.app; sourceTree = BUILT_PRODUCTS_DIR; };
		8F84837A19CB313800DF1E16 /* Foundation.framework */ = {isa = PBXFileReference; lastKnownFileType = wrapper.framework; name = Foundation.framework; path = System/Library/Frameworks/Foundation.framework; sourceTree = SDKROOT; };
		8F84837C19CB313800DF1E16 /* CoreGraphics.framework */ = {isa = PBXFileReference; lastKnownFileType = wrapper.framework; name = CoreGraphics.framework; path = System/Library/Frameworks/CoreGraphics.framework; sourceTree = SDKROOT; };
		8F84837E19CB313800DF1E16 /* UIKit.framework */ = {isa = PBXFileReference; lastKnownFileType = wrapper.framework; name = UIKit.framework; path = System/Library/Frameworks/UIKit.framework; sourceTree = SDKROOT; };
		8F84838219CB313800DF1E16 /* bti8108.groupbjjm.diabetespass-Info.plist */ = {isa = PBXFileReference; lastKnownFileType = text.plist.xml; path = "bti8108.groupbjjm.diabetespass-Info.plist"; sourceTree = "<group>"; };
		8F84838419CB313800DF1E16 /* en */ = {isa = PBXFileReference; lastKnownFileType = text.plist.strings; name = en; path = en.lproj/InfoPlist.strings; sourceTree = "<group>"; };
		8F84838619CB313800DF1E16 /* main.m */ = {isa = PBXFileReference; lastKnownFileType = sourcecode.c.objc; path = main.m; sourceTree = "<group>"; };
		8F84838819CB313800DF1E16 /* bti8108.groupbjjm.diabetespass-Prefix.pch */ = {isa = PBXFileReference; lastKnownFileType = sourcecode.c.h; path = "bti8108.groupbjjm.diabetespass-Prefix.pch"; sourceTree = "<group>"; };
		8F84838919CB313800DF1E16 /* ch_bfh_bti8108_groupbjjmAppDelegate.h */ = {isa = PBXFileReference; lastKnownFileType = sourcecode.c.h; path = ch_bfh_bti8108_groupbjjmAppDelegate.h; sourceTree = "<group>"; };
		8F84838A19CB313800DF1E16 /* ch_bfh_bti8108_groupbjjmAppDelegate.m */ = {isa = PBXFileReference; lastKnownFileType = sourcecode.c.objc; path = ch_bfh_bti8108_groupbjjmAppDelegate.m; sourceTree = "<group>"; };
		8F84838D19CB313800DF1E16 /* Base */ = {isa = PBXFileReference; lastKnownFileType = file.storyboard; name = Base; path = Base.lproj/Main_iPhone.storyboard; sourceTree = "<group>"; };
		8F84839819CB313800DF1E16 /* Images.xcassets */ = {isa = PBXFileReference; lastKnownFileType = folder.assetcatalog; path = Images.xcassets; sourceTree = "<group>"; };
		8F84839E19CB313800DF1E16 /* bti8108.groupbjjm.diabetespassTests.xctest */ = {isa = PBXFileReference; explicitFileType = wrapper.cfbundle; includeInIndex = 0; path = bti8108.groupbjjm.diabetespassTests.xctest; sourceTree = BUILT_PRODUCTS_DIR; };
		8F84839F19CB313800DF1E16 /* XCTest.framework */ = {isa = PBXFileReference; lastKnownFileType = wrapper.framework; name = XCTest.framework; path = Library/Frameworks/XCTest.framework; sourceTree = DEVELOPER_DIR; };
		8F8483A719CB313800DF1E16 /* bti8108.groupbjjm.diabetespassTests-Info.plist */ = {isa = PBXFileReference; lastKnownFileType = text.plist.xml; path = "bti8108.groupbjjm.diabetespassTests-Info.plist"; sourceTree = "<group>"; };
		8F8483A919CB313800DF1E16 /* en */ = {isa = PBXFileReference; lastKnownFileType = text.plist.strings; name = en; path = en.lproj/InfoPlist.strings; sourceTree = "<group>"; };
		8F8483AB19CB313800DF1E16 /* bti8108_groupbjjm_diabetespassTests.m */ = {isa = PBXFileReference; lastKnownFileType = sourcecode.c.objc; path = bti8108_groupbjjm_diabetespassTests.m; sourceTree = "<group>"; };
		8F8483B519CB315E00DF1E16 /* MapKit.framework */ = {isa = PBXFileReference; lastKnownFileType = wrapper.framework; name = MapKit.framework; path = System/Library/Frameworks/MapKit.framework; sourceTree = SDKROOT; };
		8F8B12281A14FF5700ABC711 /* Launch Screen.xib */ = {isa = PBXFileReference; fileEncoding = 4; lastKnownFileType = file.xib; path = "Launch Screen.xib"; sourceTree = "<group>"; };
		8FA1A51F1A1CC77C009E1E6C /* HealthKit.framework */ = {isa = PBXFileReference; lastKnownFileType = wrapper.framework; name = HealthKit.framework; path = System/Library/Frameworks/HealthKit.framework; sourceTree = SDKROOT; };
		8FA1A5211A1CC77C009E1E6C /* bti8108.groupbjjm.diabetespass.entitlements */ = {isa = PBXFileReference; lastKnownFileType = text.xml; path = bti8108.groupbjjm.diabetespass.entitlements; sourceTree = "<group>"; };
		8FA1A5271A1CD865009E1E6C /* JBBarChartView.h */ = {isa = PBXFileReference; fileEncoding = 4; lastKnownFileType = sourcecode.c.h; path = JBBarChartView.h; sourceTree = "<group>"; };
		8FA1A5281A1CD865009E1E6C /* JBBarChartView.m */ = {isa = PBXFileReference; fileEncoding = 4; lastKnownFileType = sourcecode.c.objc; path = JBBarChartView.m; sourceTree = "<group>"; };
		8FA1A5291A1CD865009E1E6C /* JBChartView.h */ = {isa = PBXFileReference; fileEncoding = 4; lastKnownFileType = sourcecode.c.h; path = JBChartView.h; sourceTree = "<group>"; };
		8FA1A52A1A1CD865009E1E6C /* JBChartView.m */ = {isa = PBXFileReference; fileEncoding = 4; lastKnownFileType = sourcecode.c.objc; path = JBChartView.m; sourceTree = "<group>"; };
		8FA1A52B1A1CD865009E1E6C /* JBLineChartView.h */ = {isa = PBXFileReference; fileEncoding = 4; lastKnownFileType = sourcecode.c.h; path = JBLineChartView.h; sourceTree = "<group>"; };
		8FA1A52C1A1CD865009E1E6C /* JBLineChartView.m */ = {isa = PBXFileReference; fileEncoding = 4; lastKnownFileType = sourcecode.c.objc; path = JBLineChartView.m; sourceTree = "<group>"; };
		8FC065381A0BC56100D853E6 /* CheckupPageViewController.h */ = {isa = PBXFileReference; fileEncoding = 4; lastKnownFileType = sourcecode.c.h; path = CheckupPageViewController.h; sourceTree = "<group>"; };
		8FC065391A0BC56100D853E6 /* CheckupPageViewController.m */ = {isa = PBXFileReference; fileEncoding = 4; lastKnownFileType = sourcecode.c.objc; path = CheckupPageViewController.m; sourceTree = "<group>"; };
		8FC0653B1A0BC82300D853E6 /* MainTabViewController.h */ = {isa = PBXFileReference; fileEncoding = 4; lastKnownFileType = sourcecode.c.h; path = MainTabViewController.h; sourceTree = "<group>"; };
		8FC0653C1A0BC82300D853E6 /* MainTabViewController.m */ = {isa = PBXFileReference; fileEncoding = 4; lastKnownFileType = sourcecode.c.objc; path = MainTabViewController.m; sourceTree = "<group>"; };
		8FC0653E1A0C07AE00D853E6 /* CheckupViewController.h */ = {isa = PBXFileReference; fileEncoding = 4; lastKnownFileType = sourcecode.c.h; path = CheckupViewController.h; sourceTree = "<group>"; };
		8FC0653F1A0C07AE00D853E6 /* CheckupViewController.m */ = {isa = PBXFileReference; fileEncoding = 4; lastKnownFileType = sourcecode.c.objc; path = CheckupViewController.m; sourceTree = "<group>"; };
		8FC065411A0C1BDE00D853E6 /* BlutzuckerPageViewController.h */ = {isa = PBXFileReference; fileEncoding = 4; lastKnownFileType = sourcecode.c.h; path = BlutzuckerPageViewController.h; sourceTree = "<group>"; };
		8FC065421A0C1BDE00D853E6 /* BlutzuckerPageViewController.m */ = {isa = PBXFileReference; fileEncoding = 4; lastKnownFileType = sourcecode.c.objc; path = BlutzuckerPageViewController.m; sourceTree = "<group>"; };
		8FC065441A0C1C0A00D853E6 /* BlutdruckPageViewController.h */ = {isa = PBXFileReference; fileEncoding = 4; lastKnownFileType = sourcecode.c.h; path = BlutdruckPageViewController.h; sourceTree = "<group>"; };
		8FC065451A0C1C0A00D853E6 /* BlutdruckPageViewController.m */ = {isa = PBXFileReference; fileEncoding = 4; lastKnownFileType = sourcecode.c.objc; path = BlutdruckPageViewController.m; sourceTree = "<group>"; };
		8FC065481A0C1C3E00D853E6 /* PulsPageViewController.h */ = {isa = PBXFileReference; fileEncoding = 4; lastKnownFileType = sourcecode.c.h; path = PulsPageViewController.h; sourceTree = "<group>"; };
		8FC065491A0C1C3E00D853E6 /* PulsPageViewController.m */ = {isa = PBXFileReference; fileEncoding = 4; lastKnownFileType = sourcecode.c.objc; path = PulsPageViewController.m; sourceTree = "<group>"; };
		8FC0654B1A0C1C6300D853E6 /* GewichtPageViewController.h */ = {isa = PBXFileReference; fileEncoding = 4; lastKnownFileType = sourcecode.c.h; path = GewichtPageViewController.h; sourceTree = "<group>"; };
		8FC0654C1A0C1C6300D853E6 /* GewichtPageViewController.m */ = {isa = PBXFileReference; fileEncoding = 4; lastKnownFileType = sourcecode.c.objc; path = GewichtPageViewController.m; sourceTree = "<group>"; };
		8FC0654E1A0C204A00D853E6 /* BasePageViewController.h */ = {isa = PBXFileReference; fileEncoding = 4; lastKnownFileType = sourcecode.c.h; path = BasePageViewController.h; sourceTree = "<group>"; };
		8FC0654F1A0C204A00D853E6 /* BasePageViewController.m */ = {isa = PBXFileReference; fileEncoding = 4; lastKnownFileType = sourcecode.c.objc; path = BasePageViewController.m; sourceTree = "<group>"; };
		8FC857AD1A0CFA9D005DD780 /* apfel_biss.png */ = {isa = PBXFileReference; lastKnownFileType = image.png; path = apfel_biss.png; sourceTree = "<group>"; };
		8FC857AE1A0CFA9D005DD780 /* apfel_ganz.png */ = {isa = PBXFileReference; lastKnownFileType = image.png; path = apfel_ganz.png; sourceTree = "<group>"; };
		8FC857AF1A0CFA9D005DD780 /* blutdruck.png */ = {isa = PBXFileReference; lastKnownFileType = image.png; path = blutdruck.png; sourceTree = "<group>"; };
		8FC857B01A0CFA9D005DD780 /* gewicht.png */ = {isa = PBXFileReference; lastKnownFileType = image.png; path = gewicht.png; sourceTree = "<group>"; };
		8FC857B11A0CFA9D005DD780 /* male.png */ = {isa = PBXFileReference; lastKnownFileType = image.png; path = male.png; sourceTree = "<group>"; };
		8FC857B21A0CFA9D005DD780 /* puls.png */ = {isa = PBXFileReference; lastKnownFileType = image.png; path = puls.png; sourceTree = "<group>"; };
		8FC857BA1A0CFD35005DD780 /* glucose.png */ = {isa = PBXFileReference; lastKnownFileType = image.png; path = glucose.png; sourceTree = "<group>"; };
		8FC857BC1A0D0052005DD780 /* PageControllerView.xib */ = {isa = PBXFileReference; fileEncoding = 4; lastKnownFileType = file.xib; path = PageControllerView.xib; sourceTree = "<group>"; };
/* End PBXFileReference section */

/* Begin PBXFrameworksBuildPhase section */
		8F84837419CB313700DF1E16 /* Frameworks */ = {
			isa = PBXFrameworksBuildPhase;
			buildActionMask = 2147483647;
			files = (
				8F84837D19CB313800DF1E16 /* CoreGraphics.framework in Frameworks */,
				8F84837F19CB313800DF1E16 /* UIKit.framework in Frameworks */,
				8F8483B619CB315E00DF1E16 /* MapKit.framework in Frameworks */,
				8F84837B19CB313800DF1E16 /* Foundation.framework in Frameworks */,
				8FA1A5201A1CC77C009E1E6C /* HealthKit.framework in Frameworks */,
			);
			runOnlyForDeploymentPostprocessing = 0;
		};
		8F84839B19CB313800DF1E16 /* Frameworks */ = {
			isa = PBXFrameworksBuildPhase;
			buildActionMask = 2147483647;
			files = (
				8F8483A019CB313800DF1E16 /* XCTest.framework in Frameworks */,
				8F8483A219CB313800DF1E16 /* UIKit.framework in Frameworks */,
				8F8483A119CB313800DF1E16 /* Foundation.framework in Frameworks */,
			);
			runOnlyForDeploymentPostprocessing = 0;
		};
/* End PBXFrameworksBuildPhase section */

/* Begin PBXGroup section */
		8F5FAB741A1E12EA0027A02A /* Settings */ = {
			isa = PBXGroup;
			children = (
				8F5FAB6B1A1E12E30027A02A /* SettingsPageViewController.h */,
				8F5FAB6C1A1E12E30027A02A /* SettingsPageViewController.m */,
				8F5FAB6D1A1E12E30027A02A /* SettingsTypPageViewController.h */,
				8F5FAB6E1A1E12E30027A02A /* SettingsTypPageViewController.m */,
				8F5FAB6F1A1E12E30027A02A /* SettingsTherapyPageViewController.h */,
				8F5FAB701A1E12E30027A02A /* SettingsTherapyPageViewController.m */,
			);
			name = Settings;
			sourceTree = "<group>";
		};
		8F84836E19CB313700DF1E16 = {
			isa = PBXGroup;
			children = (
				8F84838019CB313800DF1E16 /* bti8108.groupbjjm.diabetespass */,
				8F8483A519CB313800DF1E16 /* bti8108.groupbjjm.diabetespassTests */,
				8F84837919CB313800DF1E16 /* Frameworks */,
				8F84837819CB313800DF1E16 /* Products */,
			);
			sourceTree = "<group>";
		};
		8F84837819CB313800DF1E16 /* Products */ = {
			isa = PBXGroup;
			children = (
				8F84837719CB313800DF1E16 /* bti8108.groupbjjm.diabetespass.app */,
				8F84839E19CB313800DF1E16 /* bti8108.groupbjjm.diabetespassTests.xctest */,
			);
			name = Products;
			sourceTree = "<group>";
		};
		8F84837919CB313800DF1E16 /* Frameworks */ = {
			isa = PBXGroup;
			children = (
				8FA1A51F1A1CC77C009E1E6C /* HealthKit.framework */,
				8F8483B519CB315E00DF1E16 /* MapKit.framework */,
				8F84837A19CB313800DF1E16 /* Foundation.framework */,
				8F84837C19CB313800DF1E16 /* CoreGraphics.framework */,
				8F84837E19CB313800DF1E16 /* UIKit.framework */,
				8F84839F19CB313800DF1E16 /* XCTest.framework */,
			);
			name = Frameworks;
			sourceTree = "<group>";
		};
		8F84838019CB313800DF1E16 /* bti8108.groupbjjm.diabetespass */ = {
			isa = PBXGroup;
			children = (
				8FA1A5241A1CD28C009E1E6C /* Views */,
				8FA1A5231A1CD285009E1E6C /* Controllers */,
				8FA1A5221A1CCE26009E1E6C /* Libraries */,
				8FA1A5211A1CC77C009E1E6C /* bti8108.groupbjjm.diabetespass.entitlements */,
				8FC857B91A0CFAA6005DD780 /* images */,
				8FA1A5251A1CD2A2009E1E6C /* Delegate */,
				8F84838C19CB313800DF1E16 /* Main_iPhone.storyboard */,
				8F84839819CB313800DF1E16 /* Images.xcassets */,
				8F84838119CB313800DF1E16 /* Supporting Files */,
				8FC857BC1A0D0052005DD780 /* PageControllerView.xib */,
				8F45CD861A14F19900DF5ED0 /* diary.storyboard */,
				8F45CD881A14F23A00DF5ED0 /* settings.storyboard */,
				8F45CD8A1A14F26100DF5ED0 /* schema.storyboard */,
				8F8B12281A14FF5700ABC711 /* Launch Screen.xib */,
			);
			path = bti8108.groupbjjm.diabetespass;
			sourceTree = "<group>";
		};
		8F84838119CB313800DF1E16 /* Supporting Files */ = {
			isa = PBXGroup;
			children = (
				8F84838219CB313800DF1E16 /* bti8108.groupbjjm.diabetespass-Info.plist */,
				8F84838319CB313800DF1E16 /* InfoPlist.strings */,
				8F84838619CB313800DF1E16 /* main.m */,
				8F84838819CB313800DF1E16 /* bti8108.groupbjjm.diabetespass-Prefix.pch */,
			);
			name = "Supporting Files";
			sourceTree = "<group>";
		};
		8F8483A519CB313800DF1E16 /* bti8108.groupbjjm.diabetespassTests */ = {
			isa = PBXGroup;
			children = (
				8F8483AB19CB313800DF1E16 /* bti8108_groupbjjm_diabetespassTests.m */,
				8F8483A619CB313800DF1E16 /* Supporting Files */,
			);
			path = bti8108.groupbjjm.diabetespassTests;
			sourceTree = "<group>";
		};
		8F8483A619CB313800DF1E16 /* Supporting Files */ = {
			isa = PBXGroup;
			children = (
				8F8483A719CB313800DF1E16 /* bti8108.groupbjjm.diabetespassTests-Info.plist */,
				8F8483A819CB313800DF1E16 /* InfoPlist.strings */,
			);
			name = "Supporting Files";
			sourceTree = "<group>";
		};
		8FA1A5221A1CCE26009E1E6C /* Libraries */ = {
			isa = PBXGroup;
			children = (
				8FA1A5261A1CD865009E1E6C /* Classes */,
			);
			name = Libraries;
			sourceTree = "<group>";
		};
		8FA1A5231A1CD285009E1E6C /* Controllers */ = {
			isa = PBXGroup;
			children = (
				8FC065471A0C1C1B00D853E6 /* Overview */,
				8F5FAB741A1E12EA0027A02A /* Settings */,
			);
			name = Controllers;
			sourceTree = "<group>";
		};
		8FA1A5241A1CD28C009E1E6C /* Views */ = {
			isa = PBXGroup;
			children = (
			);
			name = Views;
			sourceTree = "<group>";
		};
		8FA1A5251A1CD2A2009E1E6C /* Delegate */ = {
			isa = PBXGroup;
			children = (
				8F84838919CB313800DF1E16 /* ch_bfh_bti8108_groupbjjmAppDelegate.h */,
				8F84838A19CB313800DF1E16 /* ch_bfh_bti8108_groupbjjmAppDelegate.m */,
			);
			name = Delegate;
			sourceTree = "<group>";
		};
		8FA1A5261A1CD865009E1E6C /* Classes */ = {
			isa = PBXGroup;
			children = (
				8FA1A5271A1CD865009E1E6C /* JBBarChartView.h */,
				8FA1A5281A1CD865009E1E6C /* JBBarChartView.m */,
				8FA1A5291A1CD865009E1E6C /* JBChartView.h */,
				8FA1A52A1A1CD865009E1E6C /* JBChartView.m */,
				8FA1A52B1A1CD865009E1E6C /* JBLineChartView.h */,
				8FA1A52C1A1CD865009E1E6C /* JBLineChartView.m */,
			);
			path = Classes;
			sourceTree = "<group>";
		};
		8FC065471A0C1C1B00D853E6 /* Overview */ = {
			isa = PBXGroup;
			children = (
				8FC065381A0BC56100D853E6 /* CheckupPageViewController.h */,
				8FC065391A0BC56100D853E6 /* CheckupPageViewController.m */,
				8FC0653B1A0BC82300D853E6 /* MainTabViewController.h */,
				8FC0653C1A0BC82300D853E6 /* MainTabViewController.m */,
				8FC0653E1A0C07AE00D853E6 /* CheckupViewController.h */,
				8FC0653F1A0C07AE00D853E6 /* CheckupViewController.m */,
				8FC065411A0C1BDE00D853E6 /* BlutzuckerPageViewController.h */,
				8FC065421A0C1BDE00D853E6 /* BlutzuckerPageViewController.m */,
				8FC065441A0C1C0A00D853E6 /* BlutdruckPageViewController.h */,
				8FC065451A0C1C0A00D853E6 /* BlutdruckPageViewController.m */,
				8FC065481A0C1C3E00D853E6 /* PulsPageViewController.h */,
				8FC065491A0C1C3E00D853E6 /* PulsPageViewController.m */,
				8FC0654B1A0C1C6300D853E6 /* GewichtPageViewController.h */,
				8FC0654C1A0C1C6300D853E6 /* GewichtPageViewController.m */,
				8FC0654E1A0C204A00D853E6 /* BasePageViewController.h */,
				8FC0654F1A0C204A00D853E6 /* BasePageViewController.m */,
			);
			name = Overview;
			sourceTree = "<group>";
		};
		8FC857B91A0CFAA6005DD780 /* images */ = {
			isa = PBXGroup;
			children = (
				8FC857BA1A0CFD35005DD780 /* glucose.png */,
				8FC857AD1A0CFA9D005DD780 /* apfel_biss.png */,
				8FC857AE1A0CFA9D005DD780 /* apfel_ganz.png */,
				8FC857AF1A0CFA9D005DD780 /* blutdruck.png */,
				8FC857B01A0CFA9D005DD780 /* gewicht.png */,
				8FC857B11A0CFA9D005DD780 /* male.png */,
				8FC857B21A0CFA9D005DD780 /* puls.png */,
			);
			name = images;
			sourceTree = "<group>";
		};
/* End PBXGroup section */

/* Begin PBXNativeTarget section */
		8F84837619CB313700DF1E16 /* bti8108.groupbjjm.diabetespass */ = {
			isa = PBXNativeTarget;
			buildConfigurationList = 8F8483AF19CB313800DF1E16 /* Build configuration list for PBXNativeTarget "bti8108.groupbjjm.diabetespass" */;
			buildPhases = (
				8F84837319CB313700DF1E16 /* Sources */,
				8F84837419CB313700DF1E16 /* Frameworks */,
				8F84837519CB313700DF1E16 /* Resources */,
			);
			buildRules = (
			);
			dependencies = (
			);
			name = bti8108.groupbjjm.diabetespass;
			productName = bti8108.groupbjjm.diabetespass;
			productReference = 8F84837719CB313800DF1E16 /* bti8108.groupbjjm.diabetespass.app */;
			productType = "com.apple.product-type.application";
		};
		8F84839D19CB313800DF1E16 /* bti8108.groupbjjm.diabetespassTests */ = {
			isa = PBXNativeTarget;
			buildConfigurationList = 8F8483B219CB313800DF1E16 /* Build configuration list for PBXNativeTarget "bti8108.groupbjjm.diabetespassTests" */;
			buildPhases = (
				8F84839A19CB313800DF1E16 /* Sources */,
				8F84839B19CB313800DF1E16 /* Frameworks */,
				8F84839C19CB313800DF1E16 /* Resources */,
			);
			buildRules = (
			);
			dependencies = (
				8F8483A419CB313800DF1E16 /* PBXTargetDependency */,
			);
			name = bti8108.groupbjjm.diabetespassTests;
			productName = bti8108.groupbjjm.diabetespassTests;
			productReference = 8F84839E19CB313800DF1E16 /* bti8108.groupbjjm.diabetespassTests.xctest */;
			productType = "com.apple.product-type.bundle.unit-test";
		};
/* End PBXNativeTarget section */

/* Begin PBXProject section */
		8F84836F19CB313700DF1E16 /* Project object */ = {
			isa = PBXProject;
			attributes = {
				CLASSPREFIX = ch.bfh.bti8108.groupbjjm;
				LastUpgradeCheck = 0510;
				ORGANIZATIONNAME = "Berner Fachhochschule";
				TargetAttributes = {
					8F84837619CB313700DF1E16 = {
						DevelopmentTeam = 858Y9EWZ4B;
						SystemCapabilities = {
							com.apple.HealthKit = {
								enabled = 1;
							};
							com.apple.iOS = {
								enabled = 1;
							};
						};
					};
					8F84839D19CB313800DF1E16 = {
						TestTargetID = 8F84837619CB313700DF1E16;
					};
				};
			};
			buildConfigurationList = 8F84837219CB313700DF1E16 /* Build configuration list for PBXProject "bti8108.groupbjjm.diabetespass" */;
			compatibilityVersion = "Xcode 3.2";
			developmentRegion = English;
			hasScannedForEncodings = 0;
			knownRegions = (
				en,
				Base,
			);
			mainGroup = 8F84836E19CB313700DF1E16;
			productRefGroup = 8F84837819CB313800DF1E16 /* Products */;
			projectDirPath = "";
			projectRoot = "";
			targets = (
				8F84837619CB313700DF1E16 /* bti8108.groupbjjm.diabetespass */,
				8F84839D19CB313800DF1E16 /* bti8108.groupbjjm.diabetespassTests */,
			);
		};
/* End PBXProject section */

/* Begin PBXResourcesBuildPhase section */
		8F84837519CB313700DF1E16 /* Resources */ = {
			isa = PBXResourcesBuildPhase;
			buildActionMask = 2147483647;
			files = (
				8FC857BB1A0CFD35005DD780 /* glucose.png in Resources */,
				8FC857B61A0CFA9D005DD780 /* gewicht.png in Resources */,
				8F84839919CB313800DF1E16 /* Images.xcassets in Resources */,
				8FC857B81A0CFA9D005DD780 /* puls.png in Resources */,
				8FC857B71A0CFA9D005DD780 /* male.png in Resources */,
				8FC857B31A0CFA9D005DD780 /* apfel_biss.png in Resources */,
				8F84838E19CB313800DF1E16 /* Main_iPhone.storyboard in Resources */,
				8F45CD8B1A14F26100DF5ED0 /* schema.storyboard in Resources */,
				8FC857BD1A0D0052005DD780 /* PageControllerView.xib in Resources */,
				8F45CD891A14F23A00DF5ED0 /* settings.storyboard in Resources */,
				8F45CD871A14F19900DF5ED0 /* diary.storyboard in Resources */,
				8F84838519CB313800DF1E16 /* InfoPlist.strings in Resources */,
				8FC857B51A0CFA9D005DD780 /* blutdruck.png in Resources */,
				8FC857B41A0CFA9D005DD780 /* apfel_ganz.png in Resources */,
				8F8B12291A14FF5700ABC711 /* Launch Screen.xib in Resources */,
			);
			runOnlyForDeploymentPostprocessing = 0;
		};
		8F84839C19CB313800DF1E16 /* Resources */ = {
			isa = PBXResourcesBuildPhase;
			buildActionMask = 2147483647;
			files = (
				8F8483AA19CB313800DF1E16 /* InfoPlist.strings in Resources */,
			);
			runOnlyForDeploymentPostprocessing = 0;
		};
/* End PBXResourcesBuildPhase section */

/* Begin PBXSourcesBuildPhase section */
		8F84837319CB313700DF1E16 /* Sources */ = {
			isa = PBXSourcesBuildPhase;
			buildActionMask = 2147483647;
			files = (
				8FC065461A0C1C0A00D853E6 /* BlutdruckPageViewController.m in Sources */,
				8FA1A52F1A1CD865009E1E6C /* JBLineChartView.m in Sources */,
				8F5FAB711A1E12E30027A02A /* SettingsPageViewController.m in Sources */,
				8FA1A52E1A1CD865009E1E6C /* JBChartView.m in Sources */,
				8FC065431A0C1BDE00D853E6 /* BlutzuckerPageViewController.m in Sources */,
				8F84838B19CB313800DF1E16 /* ch_bfh_bti8108_groupbjjmAppDelegate.m in Sources */,
				8FC0653D1A0BC82300D853E6 /* MainTabViewController.m in Sources */,
				8FA1A52D1A1CD865009E1E6C /* JBBarChartView.m in Sources */,
				8F5FAB731A1E12E30027A02A /* SettingsTherapyPageViewController.m in Sources */,
				8F84838719CB313800DF1E16 /* main.m in Sources */,
				8FC0653A1A0BC56100D853E6 /* CheckupPageViewController.m in Sources */,
				8F5FAB721A1E12E30027A02A /* SettingsTypPageViewController.m in Sources */,
				8FC0654A1A0C1C3E00D853E6 /* PulsPageViewController.m in Sources */,
				8FC0654D1A0C1C6300D853E6 /* GewichtPageViewController.m in Sources */,
				8FC065401A0C07AE00D853E6 /* CheckupViewController.m in Sources */,
				8FC065501A0C204A00D853E6 /* BasePageViewController.m in Sources */,
			);
			runOnlyForDeploymentPostprocessing = 0;
		};
		8F84839A19CB313800DF1E16 /* Sources */ = {
			isa = PBXSourcesBuildPhase;
			buildActionMask = 2147483647;
			files = (
				8F8483AC19CB313800DF1E16 /* bti8108_groupbjjm_diabetespassTests.m in Sources */,
			);
			runOnlyForDeploymentPostprocessing = 0;
		};
/* End PBXSourcesBuildPhase section */

/* Begin PBXTargetDependency section */
		8F8483A419CB313800DF1E16 /* PBXTargetDependency */ = {
			isa = PBXTargetDependency;
			target = 8F84837619CB313700DF1E16 /* bti8108.groupbjjm.diabetespass */;
			targetProxy = 8F8483A319CB313800DF1E16 /* PBXContainerItemProxy */;
		};
/* End PBXTargetDependency section */

/* Begin PBXVariantGroup section */
		8F84838319CB313800DF1E16 /* InfoPlist.strings */ = {
			isa = PBXVariantGroup;
			children = (
				8F84838419CB313800DF1E16 /* en */,
			);
			name = InfoPlist.strings;
			sourceTree = "<group>";
		};
		8F84838C19CB313800DF1E16 /* Main_iPhone.storyboard */ = {
			isa = PBXVariantGroup;
			children = (
				8F84838D19CB313800DF1E16 /* Base */,
			);
			name = Main_iPhone.storyboard;
			sourceTree = "<group>";
		};
		8F8483A819CB313800DF1E16 /* InfoPlist.strings */ = {
			isa = PBXVariantGroup;
			children = (
				8F8483A919CB313800DF1E16 /* en */,
			);
			name = InfoPlist.strings;
			sourceTree = "<group>";
		};
/* End PBXVariantGroup section */

/* Begin XCBuildConfiguration section */
		8F8483AD19CB313800DF1E16 /* Debug */ = {
			isa = XCBuildConfiguration;
			buildSettings = {
				ALWAYS_SEARCH_USER_PATHS = NO;
				CLANG_CXX_LANGUAGE_STANDARD = "gnu++0x";
				CLANG_CXX_LIBRARY = "libc++";
				CLANG_ENABLE_MODULES = YES;
				CLANG_ENABLE_OBJC_ARC = YES;
				CLANG_WARN_BOOL_CONVERSION = YES;
				CLANG_WARN_CONSTANT_CONVERSION = YES;
				CLANG_WARN_DIRECT_OBJC_ISA_USAGE = YES_ERROR;
				CLANG_WARN_EMPTY_BODY = YES;
				CLANG_WARN_ENUM_CONVERSION = YES;
				CLANG_WARN_INT_CONVERSION = YES;
				CLANG_WARN_OBJC_ROOT_CLASS = YES_ERROR;
				CLANG_WARN__DUPLICATE_METHOD_MATCH = YES;
				"CODE_SIGN_IDENTITY[sdk=iphoneos*]" = "iPhone Developer";
				COPY_PHASE_STRIP = NO;
				GCC_C_LANGUAGE_STANDARD = gnu99;
				GCC_DYNAMIC_NO_PIC = NO;
				GCC_OPTIMIZATION_LEVEL = 0;
				GCC_PREPROCESSOR_DEFINITIONS = (
					"DEBUG=1",
					"$(inherited)",
				);
				GCC_SYMBOLS_PRIVATE_EXTERN = NO;
				GCC_WARN_64_TO_32_BIT_CONVERSION = YES;
				GCC_WARN_ABOUT_RETURN_TYPE = YES_ERROR;
				GCC_WARN_UNDECLARED_SELECTOR = YES;
				GCC_WARN_UNINITIALIZED_AUTOS = YES_AGGRESSIVE;
				GCC_WARN_UNUSED_FUNCTION = YES;
				GCC_WARN_UNUSED_VARIABLE = YES;
				IPHONEOS_DEPLOYMENT_TARGET = 7.1;
				ONLY_ACTIVE_ARCH = YES;
				SDKROOT = iphoneos;
				TARGETED_DEVICE_FAMILY = "1,2";
			};
			name = Debug;
		};
		8F8483AE19CB313800DF1E16 /* Release */ = {
			isa = XCBuildConfiguration;
			buildSettings = {
				ALWAYS_SEARCH_USER_PATHS = NO;
				CLANG_CXX_LANGUAGE_STANDARD = "gnu++0x";
				CLANG_CXX_LIBRARY = "libc++";
				CLANG_ENABLE_MODULES = YES;
				CLANG_ENABLE_OBJC_ARC = YES;
				CLANG_WARN_BOOL_CONVERSION = YES;
				CLANG_WARN_CONSTANT_CONVERSION = YES;
				CLANG_WARN_DIRECT_OBJC_ISA_USAGE = YES_ERROR;
				CLANG_WARN_EMPTY_BODY = YES;
				CLANG_WARN_ENUM_CONVERSION = YES;
				CLANG_WARN_INT_CONVERSION = YES;
				CLANG_WARN_OBJC_ROOT_CLASS = YES_ERROR;
				CLANG_WARN__DUPLICATE_METHOD_MATCH = YES;
				"CODE_SIGN_IDENTITY[sdk=iphoneos*]" = "iPhone Developer";
				COPY_PHASE_STRIP = YES;
				ENABLE_NS_ASSERTIONS = NO;
				GCC_C_LANGUAGE_STANDARD = gnu99;
				GCC_WARN_64_TO_32_BIT_CONVERSION = YES;
				GCC_WARN_ABOUT_RETURN_TYPE = YES_ERROR;
				GCC_WARN_UNDECLARED_SELECTOR = YES;
				GCC_WARN_UNINITIALIZED_AUTOS = YES_AGGRESSIVE;
				GCC_WARN_UNUSED_FUNCTION = YES;
				GCC_WARN_UNUSED_VARIABLE = YES;
				IPHONEOS_DEPLOYMENT_TARGET = 7.1;
				SDKROOT = iphoneos;
				TARGETED_DEVICE_FAMILY = "1,2";
				VALIDATE_PRODUCT = YES;
			};
			name = Release;
		};
		8F8483B019CB313800DF1E16 /* Debug */ = {
			isa = XCBuildConfiguration;
			buildSettings = {
				ASSETCATALOG_COMPILER_APPICON_NAME = AppIcon;
				ASSETCATALOG_COMPILER_LAUNCHIMAGE_NAME = LaunchImage;
				CODE_SIGN_ENTITLEMENTS = bti8108.groupbjjm.diabetespass/bti8108.groupbjjm.diabetespass.entitlements;
				CODE_SIGN_IDENTITY = "iPhone Developer";
				"CODE_SIGN_IDENTITY[sdk=iphoneos*]" = "iPhone Developer";
				GCC_PRECOMPILE_PREFIX_HEADER = YES;
				GCC_PREFIX_HEADER = "bti8108.groupbjjm.diabetespass/bti8108.groupbjjm.diabetespass-Prefix.pch";
				INFOPLIST_FILE = "bti8108.groupbjjm.diabetespass/bti8108.groupbjjm.diabetespass-Info.plist";
				PRODUCT_NAME = "$(TARGET_NAME)";
				PROVISIONING_PROFILE = "";
				WRAPPER_EXTENSION = app;
			};
			name = Debug;
		};
		8F8483B119CB313800DF1E16 /* Release */ = {
			isa = XCBuildConfiguration;
			buildSettings = {
				ASSETCATALOG_COMPILER_APPICON_NAME = AppIcon;
				ASSETCATALOG_COMPILER_LAUNCHIMAGE_NAME = LaunchImage;
				CODE_SIGN_ENTITLEMENTS = bti8108.groupbjjm.diabetespass/bti8108.groupbjjm.diabetespass.entitlements;
				CODE_SIGN_IDENTITY = "iPhone Developer";
				"CODE_SIGN_IDENTITY[sdk=iphoneos*]" = "iPhone Developer";
				GCC_PRECOMPILE_PREFIX_HEADER = YES;
				GCC_PREFIX_HEADER = "bti8108.groupbjjm.diabetespass/bti8108.groupbjjm.diabetespass-Prefix.pch";
				INFOPLIST_FILE = "bti8108.groupbjjm.diabetespass/bti8108.groupbjjm.diabetespass-Info.plist";
				PRODUCT_NAME = "$(TARGET_NAME)";
				PROVISIONING_PROFILE = "";
				WRAPPER_EXTENSION = app;
			};
			name = Release;
		};
		8F8483B319CB313800DF1E16 /* Debug */ = {
			isa = XCBuildConfiguration;
			buildSettings = {
				BUNDLE_LOADER = "$(BUILT_PRODUCTS_DIR)/bti8108.groupbjjm.diabetespass.app/bti8108.groupbjjm.diabetespass";
				FRAMEWORK_SEARCH_PATHS = (
					"$(SDKROOT)/Developer/Library/Frameworks",
					"$(inherited)",
					"$(DEVELOPER_FRAMEWORKS_DIR)",
				);
				GCC_PRECOMPILE_PREFIX_HEADER = YES;
				GCC_PREFIX_HEADER = "bti8108.groupbjjm.diabetespass/bti8108.groupbjjm.diabetespass-Prefix.pch";
				GCC_PREPROCESSOR_DEFINITIONS = (
					"DEBUG=1",
					"$(inherited)",
				);
				INFOPLIST_FILE = "bti8108.groupbjjm.diabetespassTests/bti8108.groupbjjm.diabetespassTests-Info.plist";
				PRODUCT_NAME = "$(TARGET_NAME)";
				TEST_HOST = "$(BUNDLE_LOADER)";
				WRAPPER_EXTENSION = xctest;
			};
			name = Debug;
		};
		8F8483B419CB313800DF1E16 /* Release */ = {
			isa = XCBuildConfiguration;
			buildSettings = {
				BUNDLE_LOADER = "$(BUILT_PRODUCTS_DIR)/bti8108.groupbjjm.diabetespass.app/bti8108.groupbjjm.diabetespass";
				FRAMEWORK_SEARCH_PATHS = (
					"$(SDKROOT)/Developer/Library/Frameworks",
					"$(inherited)",
					"$(DEVELOPER_FRAMEWORKS_DIR)",
				);
				GCC_PRECOMPILE_PREFIX_HEADER = YES;
				GCC_PREFIX_HEADER = "bti8108.groupbjjm.diabetespass/bti8108.groupbjjm.diabetespass-Prefix.pch";
				INFOPLIST_FILE = "bti8108.groupbjjm.diabetespassTests/bti8108.groupbjjm.diabetespassTests-Info.plist";
				PRODUCT_NAME = "$(TARGET_NAME)";
				TEST_HOST = "$(BUNDLE_LOADER)";
				WRAPPER_EXTENSION = xctest;
			};
			name = Release;
		};
/* End XCBuildConfiguration section */

/* Begin XCConfigurationList section */
		8F84837219CB313700DF1E16 /* Build configuration list for PBXProject "bti8108.groupbjjm.diabetespass" */ = {
			isa = XCConfigurationList;
			buildConfigurations = (
				8F8483AD19CB313800DF1E16 /* Debug */,
				8F8483AE19CB313800DF1E16 /* Release */,
			);
			defaultConfigurationIsVisible = 0;
			defaultConfigurationName = Release;
		};
		8F8483AF19CB313800DF1E16 /* Build configuration list for PBXNativeTarget "bti8108.groupbjjm.diabetespass" */ = {
			isa = XCConfigurationList;
			buildConfigurations = (
				8F8483B019CB313800DF1E16 /* Debug */,
				8F8483B119CB313800DF1E16 /* Release */,
			);
			defaultConfigurationIsVisible = 0;
			defaultConfigurationName = Release;
		};
		8F8483B219CB313800DF1E16 /* Build configuration list for PBXNativeTarget "bti8108.groupbjjm.diabetespassTests" */ = {
			isa = XCConfigurationList;
			buildConfigurations = (
				8F8483B319CB313800DF1E16 /* Debug */,
				8F8483B419CB313800DF1E16 /* Release */,
			);
			defaultConfigurationIsVisible = 0;
			defaultConfigurationName = Release;
		};
/* End XCConfigurationList section */
	};
	rootObject = 8F84836F19CB313700DF1E16 /* Project object */;
}
