// !$*UTF8*$!
{
	archiveVersion = 1;
	classes = {
	};
	objectVersion = 46;
	objects = {

/* Begin PBXBuildFile section */
		8F19E1BC1A40C5950028555F /* DiaryViewController.m in Sources */ = {isa = PBXBuildFile; fileRef = 8F19E1BB1A40C5950028555F /* DiaryViewController.m */; };
		8F19E1BF1A41FCF90028555F /* DiaryEntry.m in Sources */ = {isa = PBXBuildFile; fileRef = 8F19E1BE1A41FCF90028555F /* DiaryEntry.m */; };
		8F19E1C51A4215630028555F /* DiaryTableCell.xib in Resources */ = {isa = PBXBuildFile; fileRef = 8F19E1C41A4215630028555F /* DiaryTableCell.xib */; };
		8F19E1C81A4216640028555F /* DiaryTableCell.m in Sources */ = {isa = PBXBuildFile; fileRef = 8F19E1C71A4216640028555F /* DiaryTableCell.m */; };
		8F19E1CA1A4325250028555F /* iOS_7_icon_shape.png in Resources */ = {isa = PBXBuildFile; fileRef = 8F19E1C91A4325250028555F /* iOS_7_icon_shape.png */; };
		8F19E1CD1A4438470028555F /* EventKit.framework in Frameworks */ = {isa = PBXBuildFile; fileRef = 8F19E1CB1A4438470028555F /* EventKit.framework */; };
		8F19E1CE1A4438470028555F /* EventKitUI.framework in Frameworks */ = {isa = PBXBuildFile; fileRef = 8F19E1CC1A4438470028555F /* EventKitUI.framework */; };
		8F2EC22C1A276E280064DD95 /* diary@2x.png in Resources */ = {isa = PBXBuildFile; fileRef = 8F2EC2281A276E280064DD95 /* diary@2x.png */; };
		8F2EC22D1A276E280064DD95 /* settings@2x.png in Resources */ = {isa = PBXBuildFile; fileRef = 8F2EC2291A276E280064DD95 /* settings@2x.png */; };
		8F2EC22E1A276E280064DD95 /* home@2x.png in Resources */ = {isa = PBXBuildFile; fileRef = 8F2EC22A1A276E280064DD95 /* home@2x.png */; };
		8F2EC22F1A276E280064DD95 /* table.png in Resources */ = {isa = PBXBuildFile; fileRef = 8F2EC22B1A276E280064DD95 /* table.png */; };
		8F2EC2311A276E950064DD95 /* list@2x.png in Resources */ = {isa = PBXBuildFile; fileRef = 8F2EC2301A276E950064DD95 /* list@2x.png */; };
		8F381F661A3AE4B400F7F2E3 /* SchemaBaseController.m in Sources */ = {isa = PBXBuildFile; fileRef = 8F381F651A3AE4B400F7F2E3 /* SchemaBaseController.m */; };
		8F381F691A3AF60D00F7F2E3 /* SchemaViewDaySelection.m in Sources */ = {isa = PBXBuildFile; fileRef = 8F381F681A3AF60D00F7F2E3 /* SchemaViewDaySelection.m */; };
		8F5050C51A3A334F004EC199 /* SchemaViewController.m in Sources */ = {isa = PBXBuildFile; fileRef = 8F5050C41A3A334F004EC199 /* SchemaViewController.m */; };
		8F5050C81A3A33F0004EC199 /* SetSchemaViewController.m in Sources */ = {isa = PBXBuildFile; fileRef = 8F5050C71A3A33F0004EC199 /* SetSchemaViewController.m */; };
		8F5FAB711A1E12E30027A02A /* SettingsPageViewController.m in Sources */ = {isa = PBXBuildFile; fileRef = 8F5FAB6C1A1E12E30027A02A /* SettingsPageViewController.m */; };
		8F5FAB721A1E12E30027A02A /* SettingsTypPageViewController.m in Sources */ = {isa = PBXBuildFile; fileRef = 8F5FAB6E1A1E12E30027A02A /* SettingsTypPageViewController.m */; };
		8F5FAB731A1E12E30027A02A /* SettingsTherapyPageViewController.m in Sources */ = {isa = PBXBuildFile; fileRef = 8F5FAB701A1E12E30027A02A /* SettingsTherapyPageViewController.m */; };
		8F5FAB771A1E149E0027A02A /* JBLineChartViewControllerBlutzucker.m in Sources */ = {isa = PBXBuildFile; fileRef = 8F5FAB761A1E149E0027A02A /* JBLineChartViewControllerBlutzucker.m */; };
		8F5FAB7C1A1E155E0027A02A /* JBBaseChartViewController.m in Sources */ = {isa = PBXBuildFile; fileRef = 8F5FAB791A1E155E0027A02A /* JBBaseChartViewController.m */; };
		8F5FAB7D1A1E155E0027A02A /* JBBaseViewController.m in Sources */ = {isa = PBXBuildFile; fileRef = 8F5FAB7B1A1E155E0027A02A /* JBBaseViewController.m */; };
		8F5FAB851A1E163C0027A02A /* JBChartInformationView.m in Sources */ = {isa = PBXBuildFile; fileRef = 8F5FAB801A1E163C0027A02A /* JBChartInformationView.m */; };
		8F5FAB861A1E163C0027A02A /* JBChartTooltipTipView.m in Sources */ = {isa = PBXBuildFile; fileRef = 8F5FAB821A1E163C0027A02A /* JBChartTooltipTipView.m */; };
		8F5FAB871A1E163C0027A02A /* JBChartTooltipView.m in Sources */ = {isa = PBXBuildFile; fileRef = 8F5FAB841A1E163C0027A02A /* JBChartTooltipView.m */; };
		8F5FAB8F1A1E169D0027A02A /* JBBarChartFooterView.m in Sources */ = {isa = PBXBuildFile; fileRef = 8F5FAB8A1A1E169D0027A02A /* JBBarChartFooterView.m */; };
		8F5FAB901A1E169D0027A02A /* JBLineChartFooterView.m in Sources */ = {isa = PBXBuildFile; fileRef = 8F5FAB8C1A1E169D0027A02A /* JBLineChartFooterView.m */; };
		8F5FAB911A1E169D0027A02A /* JBChartHeaderView.m in Sources */ = {isa = PBXBuildFile; fileRef = 8F5FAB8E1A1E169D0027A02A /* JBChartHeaderView.m */; };
		8F5FAB9B1A1E2D3A0027A02A /* BlutdruckChartPageViewController.m in Sources */ = {isa = PBXBuildFile; fileRef = 8F5FAB9A1A1E2D3A0027A02A /* BlutdruckChartPageViewController.m */; };
		8F5FBE6A1A3F839000E82409 /* Base64Transcoder.c in Sources */ = {isa = PBXBuildFile; fileRef = 8F5FBE601A3F839000E82409 /* Base64Transcoder.c */; };
		8F5FBE6B1A3F839000E82409 /* hmac.c in Sources */ = {isa = PBXBuildFile; fileRef = 8F5FBE621A3F839000E82409 /* hmac.c */; };
		8F5FBE6C1A3F839000E82409 /* sha1.c in Sources */ = {isa = PBXBuildFile; fileRef = 8F5FBE641A3F839000E82409 /* sha1.c */; };
		8F5FBE6D1A3F839000E82409 /* NSString+URLEncoding.m in Sources */ = {isa = PBXBuildFile; fileRef = 8F5FBE671A3F839000E82409 /* NSString+URLEncoding.m */; };
		8F5FBE6E1A3F839000E82409 /* OAuth1Controller.m in Sources */ = {isa = PBXBuildFile; fileRef = 8F5FBE691A3F839000E82409 /* OAuth1Controller.m */; };
		8F84837B19CB313800DF1E16 /* Foundation.framework in Frameworks */ = {isa = PBXBuildFile; fileRef = 8F84837A19CB313800DF1E16 /* Foundation.framework */; };
		8F84837D19CB313800DF1E16 /* CoreGraphics.framework in Frameworks */ = {isa = PBXBuildFile; fileRef = 8F84837C19CB313800DF1E16 /* CoreGraphics.framework */; };
		8F84837F19CB313800DF1E16 /* UIKit.framework in Frameworks */ = {isa = PBXBuildFile; fileRef = 8F84837E19CB313800DF1E16 /* UIKit.framework */; };
		8F84838519CB313800DF1E16 /* InfoPlist.strings in Resources */ = {isa = PBXBuildFile; fileRef = 8F84838319CB313800DF1E16 /* InfoPlist.strings */; };
		8F84838719CB313800DF1E16 /* main.m in Sources */ = {isa = PBXBuildFile; fileRef = 8F84838619CB313800DF1E16 /* main.m */; };
		8F84838B19CB313800DF1E16 /* ch_bfh_bti8108_groupbjjmAppDelegate.m in Sources */ = {isa = PBXBuildFile; fileRef = 8F84838A19CB313800DF1E16 /* ch_bfh_bti8108_groupbjjmAppDelegate.m */; };
		8F84838E19CB313800DF1E16 /* Main_iPhone.storyboard in Resources */ = {isa = PBXBuildFile; fileRef = 8F84838C19CB313800DF1E16 /* Main_iPhone.storyboard */; };
		8F84839919CB313800DF1E16 /* Images.xcassets in Resources */ = {isa = PBXBuildFile; fileRef = 8F84839819CB313800DF1E16 /* Images.xcassets */; };
		8F8483B619CB315E00DF1E16 /* MapKit.framework in Frameworks */ = {isa = PBXBuildFile; fileRef = 8F8483B519CB315E00DF1E16 /* MapKit.framework */; };
		8F8B12291A14FF5700ABC711 /* Launch Screen.xib in Resources */ = {isa = PBXBuildFile; fileRef = 8F8B12281A14FF5700ABC711 /* Launch Screen.xib */; };
		8F945F821A3609820036EA4C /* off@2x.png in Resources */ = {isa = PBXBuildFile; fileRef = 8F945F801A3609820036EA4C /* off@2x.png */; };
		8F945F831A3609820036EA4C /* on@2x.png in Resources */ = {isa = PBXBuildFile; fileRef = 8F945F811A3609820036EA4C /* on@2x.png */; };
		8F945F861A360AB70036EA4C /* SettingsSchemaView.m in Sources */ = {isa = PBXBuildFile; fileRef = 8F945F851A360AB70036EA4C /* SettingsSchemaView.m */; };
		8F945F8D1A363E540036EA4C /* evening@2x.png in Resources */ = {isa = PBXBuildFile; fileRef = 8F945F891A363E540036EA4C /* evening@2x.png */; };
		8F945F8E1A363E540036EA4C /* morning@2x.png in Resources */ = {isa = PBXBuildFile; fileRef = 8F945F8A1A363E540036EA4C /* morning@2x.png */; };
		8F945F8F1A363E540036EA4C /* night@2x.png in Resources */ = {isa = PBXBuildFile; fileRef = 8F945F8B1A363E540036EA4C /* night@2x.png */; };
		8F945F901A363E540036EA4C /* noon@2x.png in Resources */ = {isa = PBXBuildFile; fileRef = 8F945F8C1A363E540036EA4C /* noon@2x.png */; };
		8F945F921A3834A50036EA4C /* SchemaBackground@2x.png in Resources */ = {isa = PBXBuildFile; fileRef = 8F945F911A3834A50036EA4C /* SchemaBackground@2x.png */; };
		8FA1A5201A1CC77C009E1E6C /* HealthKit.framework in Frameworks */ = {isa = PBXBuildFile; fileRef = 8FA1A51F1A1CC77C009E1E6C /* HealthKit.framework */; };
		8FA1A52D1A1CD865009E1E6C /* JBBarChartView.m in Sources */ = {isa = PBXBuildFile; fileRef = 8FA1A5281A1CD865009E1E6C /* JBBarChartView.m */; };
		8FA1A52E1A1CD865009E1E6C /* JBChartView.m in Sources */ = {isa = PBXBuildFile; fileRef = 8FA1A52A1A1CD865009E1E6C /* JBChartView.m */; };
		8FA1A52F1A1CD865009E1E6C /* JBLineChartView.m in Sources */ = {isa = PBXBuildFile; fileRef = 8FA1A52C1A1CD865009E1E6C /* JBLineChartView.m */; };
		8FC0653A1A0BC56100D853E6 /* CheckupPageViewController.m in Sources */ = {isa = PBXBuildFile; fileRef = 8FC065391A0BC56100D853E6 /* CheckupPageViewController.m */; };
		8FC0653D1A0BC82300D853E6 /* MainTabViewController.m in Sources */ = {isa = PBXBuildFile; fileRef = 8FC0653C1A0BC82300D853E6 /* MainTabViewController.m */; };
		8FC065401A0C07AE00D853E6 /* CheckupViewController.m in Sources */ = {isa = PBXBuildFile; fileRef = 8FC0653F1A0C07AE00D853E6 /* CheckupViewController.m */; };
		8FC065461A0C1C0A00D853E6 /* BlutdruckPageViewController.m in Sources */ = {isa = PBXBuildFile; fileRef = 8FC065451A0C1C0A00D853E6 /* BlutdruckPageViewController.m */; };
		8FC0654A1A0C1C3E00D853E6 /* PulsPageViewController.m in Sources */ = {isa = PBXBuildFile; fileRef = 8FC065491A0C1C3E00D853E6 /* PulsPageViewController.m */; };
		8FC0654D1A0C1C6300D853E6 /* GewichtPageViewController.m in Sources */ = {isa = PBXBuildFile; fileRef = 8FC0654C1A0C1C6300D853E6 /* GewichtPageViewController.m */; };
		8FC065501A0C204A00D853E6 /* BasePageViewController.m in Sources */ = {isa = PBXBuildFile; fileRef = 8FC0654F1A0C204A00D853E6 /* BasePageViewController.m */; };
		8FC333311A2F73D40051122A /* BlutzuckerPageViewController.m in Sources */ = {isa = PBXBuildFile; fileRef = 8FC065421A0C1BDE00D853E6 /* BlutzuckerPageViewController.m */; };
		8FC333351A2F76780051122A /* JBLineChartViewControllerBlutdruck.m in Sources */ = {isa = PBXBuildFile; fileRef = 8FFE74531A2F3BC100CE204A /* JBLineChartViewControllerBlutdruck.m */; };
		8FC333361A2F76780051122A /* JBLineChartViewControllerGewicht.m in Sources */ = {isa = PBXBuildFile; fileRef = 8FFE74561A2F3CA900CE204A /* JBLineChartViewControllerGewicht.m */; };
		8FC333371A2F76780051122A /* JBLineChartViewControllerPuls.m in Sources */ = {isa = PBXBuildFile; fileRef = 8FFE74591A2F3D5000CE204A /* JBLineChartViewControllerPuls.m */; };
		8FC3333B1A2FA86B0051122A /* SettingsWithingsViewController.m in Sources */ = {isa = PBXBuildFile; fileRef = 8FC3333A1A2FA86B0051122A /* SettingsWithingsViewController.m */; };
		8FC857B31A0CFA9D005DD780 /* apfel_biss.png in Resources */ = {isa = PBXBuildFile; fileRef = 8FC857AD1A0CFA9D005DD780 /* apfel_biss.png */; };
		8FC857B41A0CFA9D005DD780 /* apfel_ganz.png in Resources */ = {isa = PBXBuildFile; fileRef = 8FC857AE1A0CFA9D005DD780 /* apfel_ganz.png */; };
		8FC857B51A0CFA9D005DD780 /* blutdruck.png in Resources */ = {isa = PBXBuildFile; fileRef = 8FC857AF1A0CFA9D005DD780 /* blutdruck.png */; };
		8FC857B61A0CFA9D005DD780 /* gewicht.png in Resources */ = {isa = PBXBuildFile; fileRef = 8FC857B01A0CFA9D005DD780 /* gewicht.png */; };
		8FC857B71A0CFA9D005DD780 /* male.png in Resources */ = {isa = PBXBuildFile; fileRef = 8FC857B11A0CFA9D005DD780 /* male.png */; };
		8FC857B81A0CFA9D005DD780 /* puls.png in Resources */ = {isa = PBXBuildFile; fileRef = 8FC857B21A0CFA9D005DD780 /* puls.png */; };
		8FC857BB1A0CFD35005DD780 /* glucose.png in Resources */ = {isa = PBXBuildFile; fileRef = 8FC857BA1A0CFD35005DD780 /* glucose.png */; };
		DE9319151A1F6DEA00A694C0 /* NotfallViewController.m in Sources */ = {isa = PBXBuildFile; fileRef = DE9319141A1F6DEA00A694C0 /* NotfallViewController.m */; };
/* End PBXBuildFile section */

/* Begin PBXFileReference section */
		8F19E1BA1A40C5950028555F /* DiaryViewController.h */ = {isa = PBXFileReference; fileEncoding = 4; lastKnownFileType = sourcecode.c.h; path = DiaryViewController.h; sourceTree = "<group>"; };
		8F19E1BB1A40C5950028555F /* DiaryViewController.m */ = {isa = PBXFileReference; fileEncoding = 4; lastKnownFileType = sourcecode.c.objc; path = DiaryViewController.m; sourceTree = "<group>"; };
		8F19E1BD1A41FCF90028555F /* DiaryEntry.h */ = {isa = PBXFileReference; fileEncoding = 4; lastKnownFileType = sourcecode.c.h; path = DiaryEntry.h; sourceTree = "<group>"; };
		8F19E1BE1A41FCF90028555F /* DiaryEntry.m */ = {isa = PBXFileReference; fileEncoding = 4; lastKnownFileType = sourcecode.c.objc; path = DiaryEntry.m; sourceTree = "<group>"; };
		8F19E1C41A4215630028555F /* DiaryTableCell.xib */ = {isa = PBXFileReference; fileEncoding = 4; lastKnownFileType = file.xib; path = DiaryTableCell.xib; sourceTree = "<group>"; };
		8F19E1C61A4216640028555F /* DiaryTableCell.h */ = {isa = PBXFileReference; fileEncoding = 4; lastKnownFileType = sourcecode.c.h; path = DiaryTableCell.h; sourceTree = "<group>"; };
		8F19E1C71A4216640028555F /* DiaryTableCell.m */ = {isa = PBXFileReference; fileEncoding = 4; lastKnownFileType = sourcecode.c.objc; path = DiaryTableCell.m; sourceTree = "<group>"; };
		8F19E1C91A4325250028555F /* iOS_7_icon_shape.png */ = {isa = PBXFileReference; lastKnownFileType = image.png; path = iOS_7_icon_shape.png; sourceTree = "<group>"; };
		8F19E1CB1A4438470028555F /* EventKit.framework */ = {isa = PBXFileReference; lastKnownFileType = wrapper.framework; name = EventKit.framework; path = System/Library/Frameworks/EventKit.framework; sourceTree = SDKROOT; };
		8F19E1CC1A4438470028555F /* EventKitUI.framework */ = {isa = PBXFileReference; lastKnownFileType = wrapper.framework; name = EventKitUI.framework; path = System/Library/Frameworks/EventKitUI.framework; sourceTree = SDKROOT; };
		8F2EC2281A276E280064DD95 /* diary@2x.png */ = {isa = PBXFileReference; lastKnownFileType = image.png; path = "diary@2x.png"; sourceTree = "<group>"; };
		8F2EC2291A276E280064DD95 /* settings@2x.png */ = {isa = PBXFileReference; lastKnownFileType = image.png; path = "settings@2x.png"; sourceTree = "<group>"; };
		8F2EC22A1A276E280064DD95 /* home@2x.png */ = {isa = PBXFileReference; lastKnownFileType = image.png; path = "home@2x.png"; sourceTree = "<group>"; };
		8F2EC22B1A276E280064DD95 /* table.png */ = {isa = PBXFileReference; lastKnownFileType = image.png; path = table.png; sourceTree = "<group>"; };
		8F2EC2301A276E950064DD95 /* list@2x.png */ = {isa = PBXFileReference; lastKnownFileType = image.png; path = "list@2x.png"; sourceTree = "<group>"; };
		8F381F641A3AE4B400F7F2E3 /* SchemaBaseController.h */ = {isa = PBXFileReference; fileEncoding = 4; lastKnownFileType = sourcecode.c.h; path = SchemaBaseController.h; sourceTree = "<group>"; };
		8F381F651A3AE4B400F7F2E3 /* SchemaBaseController.m */ = {isa = PBXFileReference; fileEncoding = 4; lastKnownFileType = sourcecode.c.objc; path = SchemaBaseController.m; sourceTree = "<group>"; };
		8F381F671A3AF60D00F7F2E3 /* SchemaViewDaySelection.h */ = {isa = PBXFileReference; fileEncoding = 4; lastKnownFileType = sourcecode.c.h; path = SchemaViewDaySelection.h; sourceTree = "<group>"; };
		8F381F681A3AF60D00F7F2E3 /* SchemaViewDaySelection.m */ = {isa = PBXFileReference; fileEncoding = 4; lastKnownFileType = sourcecode.c.objc; path = SchemaViewDaySelection.m; sourceTree = "<group>"; };
		8F5050C31A3A334F004EC199 /* SchemaViewController.h */ = {isa = PBXFileReference; fileEncoding = 4; lastKnownFileType = sourcecode.c.h; path = SchemaViewController.h; sourceTree = "<group>"; };
		8F5050C41A3A334F004EC199 /* SchemaViewController.m */ = {isa = PBXFileReference; fileEncoding = 4; lastKnownFileType = sourcecode.c.objc; path = SchemaViewController.m; sourceTree = "<group>"; };
		8F5050C61A3A33F0004EC199 /* SetSchemaViewController.h */ = {isa = PBXFileReference; fileEncoding = 4; lastKnownFileType = sourcecode.c.h; path = SetSchemaViewController.h; sourceTree = "<group>"; };
		8F5050C71A3A33F0004EC199 /* SetSchemaViewController.m */ = {isa = PBXFileReference; fileEncoding = 4; lastKnownFileType = sourcecode.c.objc; path = SetSchemaViewController.m; sourceTree = "<group>"; };
		8F5FAB6B1A1E12E30027A02A /* SettingsPageViewController.h */ = {isa = PBXFileReference; fileEncoding = 4; lastKnownFileType = sourcecode.c.h; path = SettingsPageViewController.h; sourceTree = "<group>"; };
		8F5FAB6C1A1E12E30027A02A /* SettingsPageViewController.m */ = {isa = PBXFileReference; fileEncoding = 4; lastKnownFileType = sourcecode.c.objc; path = SettingsPageViewController.m; sourceTree = "<group>"; };
		8F5FAB6D1A1E12E30027A02A /* SettingsTypPageViewController.h */ = {isa = PBXFileReference; fileEncoding = 4; lastKnownFileType = sourcecode.c.h; path = SettingsTypPageViewController.h; sourceTree = "<group>"; };
		8F5FAB6E1A1E12E30027A02A /* SettingsTypPageViewController.m */ = {isa = PBXFileReference; fileEncoding = 4; lastKnownFileType = sourcecode.c.objc; path = SettingsTypPageViewController.m; sourceTree = "<group>"; };
		8F5FAB6F1A1E12E30027A02A /* SettingsTherapyPageViewController.h */ = {isa = PBXFileReference; fileEncoding = 4; lastKnownFileType = sourcecode.c.h; path = SettingsTherapyPageViewController.h; sourceTree = "<group>"; };
		8F5FAB701A1E12E30027A02A /* SettingsTherapyPageViewController.m */ = {isa = PBXFileReference; fileEncoding = 4; lastKnownFileType = sourcecode.c.objc; path = SettingsTherapyPageViewController.m; sourceTree = "<group>"; };
		8F5FAB751A1E149E0027A02A /* JBLineChartViewControllerBlutzucker.h */ = {isa = PBXFileReference; fileEncoding = 4; lastKnownFileType = sourcecode.c.h; path = JBLineChartViewControllerBlutzucker.h; sourceTree = "<group>"; };
		8F5FAB761A1E149E0027A02A /* JBLineChartViewControllerBlutzucker.m */ = {isa = PBXFileReference; fileEncoding = 4; lastKnownFileType = sourcecode.c.objc; path = JBLineChartViewControllerBlutzucker.m; sourceTree = "<group>"; };
		8F5FAB781A1E155E0027A02A /* JBBaseChartViewController.h */ = {isa = PBXFileReference; fileEncoding = 4; lastKnownFileType = sourcecode.c.h; path = JBBaseChartViewController.h; sourceTree = "<group>"; };
		8F5FAB791A1E155E0027A02A /* JBBaseChartViewController.m */ = {isa = PBXFileReference; fileEncoding = 4; lastKnownFileType = sourcecode.c.objc; path = JBBaseChartViewController.m; sourceTree = "<group>"; };
		8F5FAB7A1A1E155E0027A02A /* JBBaseViewController.h */ = {isa = PBXFileReference; fileEncoding = 4; lastKnownFileType = sourcecode.c.h; path = JBBaseViewController.h; sourceTree = "<group>"; };
		8F5FAB7B1A1E155E0027A02A /* JBBaseViewController.m */ = {isa = PBXFileReference; fileEncoding = 4; lastKnownFileType = sourcecode.c.objc; path = JBBaseViewController.m; sourceTree = "<group>"; };
		8F5FAB7F1A1E163C0027A02A /* JBChartInformationView.h */ = {isa = PBXFileReference; fileEncoding = 4; lastKnownFileType = sourcecode.c.h; path = JBChartInformationView.h; sourceTree = "<group>"; };
		8F5FAB801A1E163C0027A02A /* JBChartInformationView.m */ = {isa = PBXFileReference; fileEncoding = 4; lastKnownFileType = sourcecode.c.objc; path = JBChartInformationView.m; sourceTree = "<group>"; };
		8F5FAB811A1E163C0027A02A /* JBChartTooltipTipView.h */ = {isa = PBXFileReference; fileEncoding = 4; lastKnownFileType = sourcecode.c.h; path = JBChartTooltipTipView.h; sourceTree = "<group>"; };
		8F5FAB821A1E163C0027A02A /* JBChartTooltipTipView.m */ = {isa = PBXFileReference; fileEncoding = 4; lastKnownFileType = sourcecode.c.objc; path = JBChartTooltipTipView.m; sourceTree = "<group>"; };
		8F5FAB831A1E163C0027A02A /* JBChartTooltipView.h */ = {isa = PBXFileReference; fileEncoding = 4; lastKnownFileType = sourcecode.c.h; path = JBChartTooltipView.h; sourceTree = "<group>"; };
		8F5FAB841A1E163C0027A02A /* JBChartTooltipView.m */ = {isa = PBXFileReference; fileEncoding = 4; lastKnownFileType = sourcecode.c.objc; path = JBChartTooltipView.m; sourceTree = "<group>"; };
		8F5FAB891A1E169D0027A02A /* JBBarChartFooterView.h */ = {isa = PBXFileReference; fileEncoding = 4; lastKnownFileType = sourcecode.c.h; path = JBBarChartFooterView.h; sourceTree = "<group>"; };
		8F5FAB8A1A1E169D0027A02A /* JBBarChartFooterView.m */ = {isa = PBXFileReference; fileEncoding = 4; lastKnownFileType = sourcecode.c.objc; path = JBBarChartFooterView.m; sourceTree = "<group>"; };
		8F5FAB8B1A1E169D0027A02A /* JBLineChartFooterView.h */ = {isa = PBXFileReference; fileEncoding = 4; lastKnownFileType = sourcecode.c.h; path = JBLineChartFooterView.h; sourceTree = "<group>"; };
		8F5FAB8C1A1E169D0027A02A /* JBLineChartFooterView.m */ = {isa = PBXFileReference; fileEncoding = 4; lastKnownFileType = sourcecode.c.objc; path = JBLineChartFooterView.m; sourceTree = "<group>"; };
		8F5FAB8D1A1E169D0027A02A /* JBChartHeaderView.h */ = {isa = PBXFileReference; fileEncoding = 4; lastKnownFileType = sourcecode.c.h; path = JBChartHeaderView.h; sourceTree = "<group>"; };
		8F5FAB8E1A1E169D0027A02A /* JBChartHeaderView.m */ = {isa = PBXFileReference; fileEncoding = 4; lastKnownFileType = sourcecode.c.objc; path = JBChartHeaderView.m; sourceTree = "<group>"; };
		8F5FAB941A1E16E30027A02A /* JBColorConstants.h */ = {isa = PBXFileReference; lastKnownFileType = sourcecode.c.h; path = JBColorConstants.h; sourceTree = "<group>"; };
		8F5FAB951A1E17D20027A02A /* JBConstants.h */ = {isa = PBXFileReference; lastKnownFileType = sourcecode.c.h; path = JBConstants.h; sourceTree = "<group>"; };
		8F5FAB961A1E17D20027A02A /* JBFontConstants.h */ = {isa = PBXFileReference; lastKnownFileType = sourcecode.c.h; path = JBFontConstants.h; sourceTree = "<group>"; };
		8F5FAB971A1E17D20027A02A /* JBStringConstants.h */ = {isa = PBXFileReference; lastKnownFileType = sourcecode.c.h; path = JBStringConstants.h; sourceTree = "<group>"; };
		8F5FAB981A1E17D20027A02A /* JBUIConstants.h */ = {isa = PBXFileReference; lastKnownFileType = sourcecode.c.h; path = JBUIConstants.h; sourceTree = "<group>"; };
		8F5FAB991A1E2D3A0027A02A /* BlutdruckChartPageViewController.h */ = {isa = PBXFileReference; fileEncoding = 4; lastKnownFileType = sourcecode.c.h; path = BlutdruckChartPageViewController.h; sourceTree = "<group>"; };
		8F5FAB9A1A1E2D3A0027A02A /* BlutdruckChartPageViewController.m */ = {isa = PBXFileReference; fileEncoding = 4; lastKnownFileType = sourcecode.c.objc; path = BlutdruckChartPageViewController.m; sourceTree = "<group>"; };
		8F5FBE601A3F839000E82409 /* Base64Transcoder.c */ = {isa = PBXFileReference; fileEncoding = 4; lastKnownFileType = sourcecode.c.c; path = Base64Transcoder.c; sourceTree = "<group>"; };
		8F5FBE611A3F839000E82409 /* Base64Transcoder.h */ = {isa = PBXFileReference; fileEncoding = 4; lastKnownFileType = sourcecode.c.h; path = Base64Transcoder.h; sourceTree = "<group>"; };
		8F5FBE621A3F839000E82409 /* hmac.c */ = {isa = PBXFileReference; fileEncoding = 4; lastKnownFileType = sourcecode.c.c; path = hmac.c; sourceTree = "<group>"; };
		8F5FBE631A3F839000E82409 /* hmac.h */ = {isa = PBXFileReference; fileEncoding = 4; lastKnownFileType = sourcecode.c.h; path = hmac.h; sourceTree = "<group>"; };
		8F5FBE641A3F839000E82409 /* sha1.c */ = {isa = PBXFileReference; fileEncoding = 4; lastKnownFileType = sourcecode.c.c; path = sha1.c; sourceTree = "<group>"; };
		8F5FBE651A3F839000E82409 /* sha1.h */ = {isa = PBXFileReference; fileEncoding = 4; lastKnownFileType = sourcecode.c.h; path = sha1.h; sourceTree = "<group>"; };
		8F5FBE661A3F839000E82409 /* NSString+URLEncoding.h */ = {isa = PBXFileReference; fileEncoding = 4; lastKnownFileType = sourcecode.c.h; path = "NSString+URLEncoding.h"; sourceTree = "<group>"; };
		8F5FBE671A3F839000E82409 /* NSString+URLEncoding.m */ = {isa = PBXFileReference; fileEncoding = 4; lastKnownFileType = sourcecode.c.objc; path = "NSString+URLEncoding.m"; sourceTree = "<group>"; };
		8F5FBE681A3F839000E82409 /* OAuth1Controller.h */ = {isa = PBXFileReference; fileEncoding = 4; lastKnownFileType = sourcecode.c.h; path = OAuth1Controller.h; sourceTree = "<group>"; };
		8F5FBE691A3F839000E82409 /* OAuth1Controller.m */ = {isa = PBXFileReference; fileEncoding = 4; lastKnownFileType = sourcecode.c.objc; path = OAuth1Controller.m; sourceTree = "<group>"; };
		8F84837719CB313800DF1E16 /* diabetesApp.app */ = {isa = PBXFileReference; explicitFileType = wrapper.application; includeInIndex = 0; path = diabetesApp.app; sourceTree = BUILT_PRODUCTS_DIR; };
		8F84837A19CB313800DF1E16 /* Foundation.framework */ = {isa = PBXFileReference; lastKnownFileType = wrapper.framework; name = Foundation.framework; path = System/Library/Frameworks/Foundation.framework; sourceTree = SDKROOT; };
		8F84837C19CB313800DF1E16 /* CoreGraphics.framework */ = {isa = PBXFileReference; lastKnownFileType = wrapper.framework; name = CoreGraphics.framework; path = System/Library/Frameworks/CoreGraphics.framework; sourceTree = SDKROOT; };
		8F84837E19CB313800DF1E16 /* UIKit.framework */ = {isa = PBXFileReference; lastKnownFileType = wrapper.framework; name = UIKit.framework; path = System/Library/Frameworks/UIKit.framework; sourceTree = SDKROOT; };
		8F84838219CB313800DF1E16 /* diabetesApp-Info.plist */ = {isa = PBXFileReference; lastKnownFileType = text.plist.xml; path = "diabetesApp-Info.plist"; sourceTree = "<group>"; };
		8F84838419CB313800DF1E16 /* en */ = {isa = PBXFileReference; lastKnownFileType = text.plist.strings; name = en; path = en.lproj/InfoPlist.strings; sourceTree = "<group>"; };
		8F84838619CB313800DF1E16 /* main.m */ = {isa = PBXFileReference; lastKnownFileType = sourcecode.c.objc; path = main.m; sourceTree = "<group>"; };
		8F84838819CB313800DF1E16 /* diabetesApp-Prefix.pch */ = {isa = PBXFileReference; lastKnownFileType = sourcecode.c.h; path = "diabetesApp-Prefix.pch"; sourceTree = "<group>"; };
		8F84838919CB313800DF1E16 /* ch_bfh_bti8108_groupbjjmAppDelegate.h */ = {isa = PBXFileReference; lastKnownFileType = sourcecode.c.h; path = ch_bfh_bti8108_groupbjjmAppDelegate.h; sourceTree = "<group>"; };
		8F84838A19CB313800DF1E16 /* ch_bfh_bti8108_groupbjjmAppDelegate.m */ = {isa = PBXFileReference; lastKnownFileType = sourcecode.c.objc; path = ch_bfh_bti8108_groupbjjmAppDelegate.m; sourceTree = "<group>"; };
		8F84838D19CB313800DF1E16 /* Base */ = {isa = PBXFileReference; lastKnownFileType = file.storyboard; name = Base; path = Base.lproj/Main_iPhone.storyboard; sourceTree = "<group>"; };
		8F84839819CB313800DF1E16 /* Images.xcassets */ = {isa = PBXFileReference; lastKnownFileType = folder.assetcatalog; path = Images.xcassets; sourceTree = "<group>"; };
		8F8483A719CB313800DF1E16 /* diabetesAppTests-Info.plist */ = {isa = PBXFileReference; lastKnownFileType = text.plist.xml; path = "diabetesAppTests-Info.plist"; sourceTree = "<group>"; };
		8F8483A919CB313800DF1E16 /* en */ = {isa = PBXFileReference; lastKnownFileType = text.plist.strings; name = en; path = en.lproj/InfoPlist.strings; sourceTree = "<group>"; };
		8F8483AB19CB313800DF1E16 /* bti8108_groupbjjm_diabetespassTests.m */ = {isa = PBXFileReference; lastKnownFileType = sourcecode.c.objc; path = bti8108_groupbjjm_diabetespassTests.m; sourceTree = "<group>"; };
		8F8483B519CB315E00DF1E16 /* MapKit.framework */ = {isa = PBXFileReference; lastKnownFileType = wrapper.framework; name = MapKit.framework; path = System/Library/Frameworks/MapKit.framework; sourceTree = SDKROOT; };
		8F8B12281A14FF5700ABC711 /* Launch Screen.xib */ = {isa = PBXFileReference; fileEncoding = 4; lastKnownFileType = file.xib; path = "Launch Screen.xib"; sourceTree = "<group>"; };
		8F945F801A3609820036EA4C /* off@2x.png */ = {isa = PBXFileReference; lastKnownFileType = image.png; path = "off@2x.png"; sourceTree = "<group>"; };
		8F945F811A3609820036EA4C /* on@2x.png */ = {isa = PBXFileReference; lastKnownFileType = image.png; path = "on@2x.png"; sourceTree = "<group>"; };
		8F945F841A360AB70036EA4C /* SettingsSchemaView.h */ = {isa = PBXFileReference; fileEncoding = 4; lastKnownFileType = sourcecode.c.h; path = SettingsSchemaView.h; sourceTree = "<group>"; };
		8F945F851A360AB70036EA4C /* SettingsSchemaView.m */ = {isa = PBXFileReference; fileEncoding = 4; lastKnownFileType = sourcecode.c.objc; path = SettingsSchemaView.m; sourceTree = "<group>"; };
		8F945F891A363E540036EA4C /* evening@2x.png */ = {isa = PBXFileReference; lastKnownFileType = image.png; path = "evening@2x.png"; sourceTree = "<group>"; };
		8F945F8A1A363E540036EA4C /* morning@2x.png */ = {isa = PBXFileReference; lastKnownFileType = image.png; path = "morning@2x.png"; sourceTree = "<group>"; };
		8F945F8B1A363E540036EA4C /* night@2x.png */ = {isa = PBXFileReference; lastKnownFileType = image.png; path = "night@2x.png"; sourceTree = "<group>"; };
		8F945F8C1A363E540036EA4C /* noon@2x.png */ = {isa = PBXFileReference; lastKnownFileType = image.png; path = "noon@2x.png"; sourceTree = "<group>"; };
		8F945F911A3834A50036EA4C /* SchemaBackground@2x.png */ = {isa = PBXFileReference; lastKnownFileType = image.png; path = "SchemaBackground@2x.png"; sourceTree = "<group>"; };
		8FA1A51F1A1CC77C009E1E6C /* HealthKit.framework */ = {isa = PBXFileReference; lastKnownFileType = wrapper.framework; name = HealthKit.framework; path = System/Library/Frameworks/HealthKit.framework; sourceTree = SDKROOT; };
		8FA1A5211A1CC77C009E1E6C /* bti8108.groupbjjm.diabetespass.entitlements */ = {isa = PBXFileReference; lastKnownFileType = text.xml; path = bti8108.groupbjjm.diabetespass.entitlements; sourceTree = "<group>"; };
		8FA1A5271A1CD865009E1E6C /* JBBarChartView.h */ = {isa = PBXFileReference; fileEncoding = 4; lastKnownFileType = sourcecode.c.h; path = JBBarChartView.h; sourceTree = "<group>"; };
		8FA1A5281A1CD865009E1E6C /* JBBarChartView.m */ = {isa = PBXFileReference; fileEncoding = 4; lastKnownFileType = sourcecode.c.objc; path = JBBarChartView.m; sourceTree = "<group>"; };
		8FA1A5291A1CD865009E1E6C /* JBChartView.h */ = {isa = PBXFileReference; fileEncoding = 4; lastKnownFileType = sourcecode.c.h; path = JBChartView.h; sourceTree = "<group>"; };
		8FA1A52A1A1CD865009E1E6C /* JBChartView.m */ = {isa = PBXFileReference; fileEncoding = 4; lastKnownFileType = sourcecode.c.objc; path = JBChartView.m; sourceTree = "<group>"; };
		8FA1A52B1A1CD865009E1E6C /* JBLineChartView.h */ = {isa = PBXFileReference; fileEncoding = 4; lastKnownFileType = sourcecode.c.h; path = JBLineChartView.h; sourceTree = "<group>"; };
		8FA1A52C1A1CD865009E1E6C /* JBLineChartView.m */ = {isa = PBXFileReference; fileEncoding = 4; lastKnownFileType = sourcecode.c.objc; path = JBLineChartView.m; sourceTree = "<group>"; };
		8FC065381A0BC56100D853E6 /* CheckupPageViewController.h */ = {isa = PBXFileReference; fileEncoding = 4; lastKnownFileType = sourcecode.c.h; path = CheckupPageViewController.h; sourceTree = "<group>"; };
		8FC065391A0BC56100D853E6 /* CheckupPageViewController.m */ = {isa = PBXFileReference; fileEncoding = 4; lastKnownFileType = sourcecode.c.objc; path = CheckupPageViewController.m; sourceTree = "<group>"; };
		8FC0653B1A0BC82300D853E6 /* MainTabViewController.h */ = {isa = PBXFileReference; fileEncoding = 4; lastKnownFileType = sourcecode.c.h; path = MainTabViewController.h; sourceTree = "<group>"; };
		8FC0653C1A0BC82300D853E6 /* MainTabViewController.m */ = {isa = PBXFileReference; fileEncoding = 4; lastKnownFileType = sourcecode.c.objc; path = MainTabViewController.m; sourceTree = "<group>"; };
		8FC0653E1A0C07AE00D853E6 /* CheckupViewController.h */ = {isa = PBXFileReference; fileEncoding = 4; lastKnownFileType = sourcecode.c.h; path = CheckupViewController.h; sourceTree = "<group>"; };
		8FC0653F1A0C07AE00D853E6 /* CheckupViewController.m */ = {isa = PBXFileReference; fileEncoding = 4; lastKnownFileType = sourcecode.c.objc; path = CheckupViewController.m; sourceTree = "<group>"; };
		8FC065411A0C1BDE00D853E6 /* BlutzuckerPageViewController.h */ = {isa = PBXFileReference; fileEncoding = 4; lastKnownFileType = sourcecode.c.h; path = BlutzuckerPageViewController.h; sourceTree = "<group>"; };
		8FC065421A0C1BDE00D853E6 /* BlutzuckerPageViewController.m */ = {isa = PBXFileReference; fileEncoding = 4; lastKnownFileType = sourcecode.c.objc; path = BlutzuckerPageViewController.m; sourceTree = "<group>"; };
		8FC065441A0C1C0A00D853E6 /* BlutdruckPageViewController.h */ = {isa = PBXFileReference; fileEncoding = 4; lastKnownFileType = sourcecode.c.h; path = BlutdruckPageViewController.h; sourceTree = "<group>"; };
		8FC065451A0C1C0A00D853E6 /* BlutdruckPageViewController.m */ = {isa = PBXFileReference; fileEncoding = 4; lastKnownFileType = sourcecode.c.objc; path = BlutdruckPageViewController.m; sourceTree = "<group>"; };
		8FC065481A0C1C3E00D853E6 /* PulsPageViewController.h */ = {isa = PBXFileReference; fileEncoding = 4; lastKnownFileType = sourcecode.c.h; path = PulsPageViewController.h; sourceTree = "<group>"; };
		8FC065491A0C1C3E00D853E6 /* PulsPageViewController.m */ = {isa = PBXFileReference; fileEncoding = 4; lastKnownFileType = sourcecode.c.objc; path = PulsPageViewController.m; sourceTree = "<group>"; };
		8FC0654B1A0C1C6300D853E6 /* GewichtPageViewController.h */ = {isa = PBXFileReference; fileEncoding = 4; lastKnownFileType = sourcecode.c.h; path = GewichtPageViewController.h; sourceTree = "<group>"; };
		8FC0654C1A0C1C6300D853E6 /* GewichtPageViewController.m */ = {isa = PBXFileReference; fileEncoding = 4; lastKnownFileType = sourcecode.c.objc; path = GewichtPageViewController.m; sourceTree = "<group>"; };
		8FC0654E1A0C204A00D853E6 /* BasePageViewController.h */ = {isa = PBXFileReference; fileEncoding = 4; lastKnownFileType = sourcecode.c.h; path = BasePageViewController.h; sourceTree = "<group>"; };
		8FC0654F1A0C204A00D853E6 /* BasePageViewController.m */ = {isa = PBXFileReference; fileEncoding = 4; lastKnownFileType = sourcecode.c.objc; path = BasePageViewController.m; sourceTree = "<group>"; };
		8FC333391A2FA86B0051122A /* SettingsWithingsViewController.h */ = {isa = PBXFileReference; fileEncoding = 4; lastKnownFileType = sourcecode.c.h; path = SettingsWithingsViewController.h; sourceTree = "<group>"; };
		8FC3333A1A2FA86B0051122A /* SettingsWithingsViewController.m */ = {isa = PBXFileReference; fileEncoding = 4; lastKnownFileType = sourcecode.c.objc; path = SettingsWithingsViewController.m; sourceTree = "<group>"; };
		8FC857AD1A0CFA9D005DD780 /* apfel_biss.png */ = {isa = PBXFileReference; lastKnownFileType = image.png; path = apfel_biss.png; sourceTree = "<group>"; };
		8FC857AE1A0CFA9D005DD780 /* apfel_ganz.png */ = {isa = PBXFileReference; lastKnownFileType = image.png; path = apfel_ganz.png; sourceTree = "<group>"; };
		8FC857AF1A0CFA9D005DD780 /* blutdruck.png */ = {isa = PBXFileReference; lastKnownFileType = image.png; path = blutdruck.png; sourceTree = "<group>"; };
		8FC857B01A0CFA9D005DD780 /* gewicht.png */ = {isa = PBXFileReference; lastKnownFileType = image.png; path = gewicht.png; sourceTree = "<group>"; };
		8FC857B11A0CFA9D005DD780 /* male.png */ = {isa = PBXFileReference; lastKnownFileType = image.png; path = male.png; sourceTree = "<group>"; };
		8FC857B21A0CFA9D005DD780 /* puls.png */ = {isa = PBXFileReference; lastKnownFileType = image.png; path = puls.png; sourceTree = "<group>"; };
		8FC857BA1A0CFD35005DD780 /* glucose.png */ = {isa = PBXFileReference; lastKnownFileType = image.png; path = glucose.png; sourceTree = "<group>"; };
		8FFE74521A2F3BAF00CE204A /* JBLineChartViewControllerBlutdruck.h */ = {isa = PBXFileReference; fileEncoding = 4; lastKnownFileType = sourcecode.c.h; path = JBLineChartViewControllerBlutdruck.h; sourceTree = "<group>"; };
		8FFE74531A2F3BC100CE204A /* JBLineChartViewControllerBlutdruck.m */ = {isa = PBXFileReference; fileEncoding = 4; lastKnownFileType = sourcecode.c.objc; path = JBLineChartViewControllerBlutdruck.m; sourceTree = "<group>"; };
		8FFE74551A2F3C7C00CE204A /* JBLineChartViewControllerGewicht.h */ = {isa = PBXFileReference; fileEncoding = 4; lastKnownFileType = sourcecode.c.h; path = JBLineChartViewControllerGewicht.h; sourceTree = "<group>"; };
		8FFE74561A2F3CA900CE204A /* JBLineChartViewControllerGewicht.m */ = {isa = PBXFileReference; fileEncoding = 4; lastKnownFileType = sourcecode.c.objc; path = JBLineChartViewControllerGewicht.m; sourceTree = "<group>"; };
		8FFE74581A2F3D3E00CE204A /* JBLineChartViewControllerPuls.h */ = {isa = PBXFileReference; fileEncoding = 4; lastKnownFileType = sourcecode.c.h; path = JBLineChartViewControllerPuls.h; sourceTree = "<group>"; };
		8FFE74591A2F3D5000CE204A /* JBLineChartViewControllerPuls.m */ = {isa = PBXFileReference; fileEncoding = 4; lastKnownFileType = sourcecode.c.objc; path = JBLineChartViewControllerPuls.m; sourceTree = "<group>"; };
		DE9319131A1F6DEA00A694C0 /* NotfallViewController.h */ = {isa = PBXFileReference; fileEncoding = 4; lastKnownFileType = sourcecode.c.h; path = NotfallViewController.h; sourceTree = "<group>"; };
		DE9319141A1F6DEA00A694C0 /* NotfallViewController.m */ = {isa = PBXFileReference; fileEncoding = 4; lastKnownFileType = sourcecode.c.objc; path = NotfallViewController.m; sourceTree = "<group>"; };
/* End PBXFileReference section */

/* Begin PBXFrameworksBuildPhase section */
		8F84837419CB313700DF1E16 /* Frameworks */ = {
			isa = PBXFrameworksBuildPhase;
			buildActionMask = 2147483647;
			files = (
				8F19E1CD1A4438470028555F /* EventKit.framework in Frameworks */,
				8F19E1CE1A4438470028555F /* EventKitUI.framework in Frameworks */,
				8F84837D19CB313800DF1E16 /* CoreGraphics.framework in Frameworks */,
				8F84837F19CB313800DF1E16 /* UIKit.framework in Frameworks */,
				8F8483B619CB315E00DF1E16 /* MapKit.framework in Frameworks */,
				8F84837B19CB313800DF1E16 /* Foundation.framework in Frameworks */,
				8FA1A5201A1CC77C009E1E6C /* HealthKit.framework in Frameworks */,
			);
			runOnlyForDeploymentPostprocessing = 0;
		};
/* End PBXFrameworksBuildPhase section */

/* Begin PBXGroup section */
		8F19E1C01A41FD6B0028555F /* Entities */ = {
			isa = PBXGroup;
			children = (
				8F19E1BD1A41FCF90028555F /* DiaryEntry.h */,
				8F19E1BE1A41FCF90028555F /* DiaryEntry.m */,
			);
			name = Entities;
			sourceTree = "<group>";
		};
		8F19E1C11A4203690028555F /* Diary */ = {
			isa = PBXGroup;
			children = (
				8F19E1BA1A40C5950028555F /* DiaryViewController.h */,
				8F19E1BB1A40C5950028555F /* DiaryViewController.m */,
				8F19E1C41A4215630028555F /* DiaryTableCell.xib */,
				8F19E1C61A4216640028555F /* DiaryTableCell.h */,
				8F19E1C71A4216640028555F /* DiaryTableCell.m */,
			);
			name = Diary;
			sourceTree = "<group>";
		};
		8F5FAB741A1E12EA0027A02A /* Settings */ = {
			isa = PBXGroup;
			children = (
				8F5FAB6B1A1E12E30027A02A /* SettingsPageViewController.h */,
				8F5FAB6C1A1E12E30027A02A /* SettingsPageViewController.m */,
				DE9319131A1F6DEA00A694C0 /* NotfallViewController.h */,
				DE9319141A1F6DEA00A694C0 /* NotfallViewController.m */,
				8F5FAB6D1A1E12E30027A02A /* SettingsTypPageViewController.h */,
				8F5FAB6E1A1E12E30027A02A /* SettingsTypPageViewController.m */,
				8F5FAB6F1A1E12E30027A02A /* SettingsTherapyPageViewController.h */,
				8F5FAB701A1E12E30027A02A /* SettingsTherapyPageViewController.m */,
				8FC333391A2FA86B0051122A /* SettingsWithingsViewController.h */,
				8FC3333A1A2FA86B0051122A /* SettingsWithingsViewController.m */,
			);
			name = Settings;
			sourceTree = "<group>";
		};
		8F5FAB7E1A1E15670027A02A /* Base */ = {
			isa = PBXGroup;
			children = (
				8F5FAB781A1E155E0027A02A /* JBBaseChartViewController.h */,
				8F5FAB791A1E155E0027A02A /* JBBaseChartViewController.m */,
				8F5FAB7A1A1E155E0027A02A /* JBBaseViewController.h */,
				8F5FAB7B1A1E155E0027A02A /* JBBaseViewController.m */,
			);
			name = Base;
			sourceTree = "<group>";
		};
		8F5FAB881A1E165C0027A02A /* MISC */ = {
			isa = PBXGroup;
			children = (
				8F5FAB7F1A1E163C0027A02A /* JBChartInformationView.h */,
				8F5FAB801A1E163C0027A02A /* JBChartInformationView.m */,
				8F5FAB811A1E163C0027A02A /* JBChartTooltipTipView.h */,
				8F5FAB821A1E163C0027A02A /* JBChartTooltipTipView.m */,
				8F5FAB831A1E163C0027A02A /* JBChartTooltipView.h */,
				8F5FAB841A1E163C0027A02A /* JBChartTooltipView.m */,
			);
			name = MISC;
			sourceTree = "<group>";
		};
		8F5FAB921A1E16A50027A02A /* HeaderFooter */ = {
			isa = PBXGroup;
			children = (
				8F5FAB891A1E169D0027A02A /* JBBarChartFooterView.h */,
				8F5FAB8A1A1E169D0027A02A /* JBBarChartFooterView.m */,
				8F5FAB8B1A1E169D0027A02A /* JBLineChartFooterView.h */,
				8F5FAB8C1A1E169D0027A02A /* JBLineChartFooterView.m */,
				8F5FAB8D1A1E169D0027A02A /* JBChartHeaderView.h */,
				8F5FAB8E1A1E169D0027A02A /* JBChartHeaderView.m */,
			);
			name = HeaderFooter;
			sourceTree = "<group>";
		};
		8F5FAB931A1E16D90027A02A /* Constants */ = {
			isa = PBXGroup;
			children = (
				8F5FAB951A1E17D20027A02A /* JBConstants.h */,
				8F5FAB961A1E17D20027A02A /* JBFontConstants.h */,
				8F5FAB971A1E17D20027A02A /* JBStringConstants.h */,
				8F5FAB981A1E17D20027A02A /* JBUIConstants.h */,
				8F5FAB941A1E16E30027A02A /* JBColorConstants.h */,
			);
			name = Constants;
			sourceTree = "<group>";
		};
		8F5FBE5F1A3F839000E82409 /* Crypto */ = {
			isa = PBXGroup;
			children = (
				8F5FBE601A3F839000E82409 /* Base64Transcoder.c */,
				8F5FBE611A3F839000E82409 /* Base64Transcoder.h */,
				8F5FBE621A3F839000E82409 /* hmac.c */,
				8F5FBE631A3F839000E82409 /* hmac.h */,
				8F5FBE641A3F839000E82409 /* sha1.c */,
				8F5FBE651A3F839000E82409 /* sha1.h */,
			);
			path = Crypto;
			sourceTree = "<group>";
		};
		8F5FBE6F1A3F839F00E82409 /* OAuth */ = {
			isa = PBXGroup;
			children = (
				8F5FBE5F1A3F839000E82409 /* Crypto */,
				8F5FBE661A3F839000E82409 /* NSString+URLEncoding.h */,
				8F5FBE671A3F839000E82409 /* NSString+URLEncoding.m */,
				8F5FBE681A3F839000E82409 /* OAuth1Controller.h */,
				8F5FBE691A3F839000E82409 /* OAuth1Controller.m */,
			);
			name = OAuth;
			sourceTree = "<group>";
		};
		8F84836E19CB313700DF1E16 = {
			isa = PBXGroup;
			children = (
				8F84838019CB313800DF1E16 /* bti8108.groupbjjm.diabetespass */,
				8F8483A519CB313800DF1E16 /* bti8108.groupbjjm.diabetespassTests */,
				8F84837919CB313800DF1E16 /* Frameworks */,
				8F84837819CB313800DF1E16 /* Products */,
			);
			sourceTree = "<group>";
		};
		8F84837819CB313800DF1E16 /* Products */ = {
			isa = PBXGroup;
			children = (
				8F84837719CB313800DF1E16 /* diabetesApp.app */,
			);
			name = Products;
			sourceTree = "<group>";
		};
		8F84837919CB313800DF1E16 /* Frameworks */ = {
			isa = PBXGroup;
			children = (
				8F19E1CB1A4438470028555F /* EventKit.framework */,
				8F19E1CC1A4438470028555F /* EventKitUI.framework */,
				8FA1A51F1A1CC77C009E1E6C /* HealthKit.framework */,
				8F8483B519CB315E00DF1E16 /* MapKit.framework */,
				8F84837A19CB313800DF1E16 /* Foundation.framework */,
				8F84837C19CB313800DF1E16 /* CoreGraphics.framework */,
				8F84837E19CB313800DF1E16 /* UIKit.framework */,
			);
			name = Frameworks;
			sourceTree = "<group>";
		};
		8F84838019CB313800DF1E16 /* bti8108.groupbjjm.diabetespass */ = {
			isa = PBXGroup;
			children = (
				8F5FAB931A1E16D90027A02A /* Constants */,
				8FA1A5241A1CD28C009E1E6C /* Views */,
				8FA1A5231A1CD285009E1E6C /* Controllers */,
				8FA1A5221A1CCE26009E1E6C /* Libraries */,
				8FA1A5211A1CC77C009E1E6C /* bti8108.groupbjjm.diabetespass.entitlements */,
				8FC857B91A0CFAA6005DD780 /* images */,
				8FA1A5251A1CD2A2009E1E6C /* Delegate */,
				8F84838C19CB313800DF1E16 /* Main_iPhone.storyboard */,
				8F84839819CB313800DF1E16 /* Images.xcassets */,
				8F84838119CB313800DF1E16 /* Supporting Files */,
				8F8B12281A14FF5700ABC711 /* Launch Screen.xib */,
				8F19E1C01A41FD6B0028555F /* Entities */,
			);
			path = bti8108.groupbjjm.diabetespass;
			sourceTree = "<group>";
		};
		8F84838119CB313800DF1E16 /* Supporting Files */ = {
			isa = PBXGroup;
			children = (
				8F84838219CB313800DF1E16 /* diabetesApp-Info.plist */,
				8F84838319CB313800DF1E16 /* InfoPlist.strings */,
				8F84838619CB313800DF1E16 /* main.m */,
				8F84838819CB313800DF1E16 /* diabetesApp-Prefix.pch */,
			);
			name = "Supporting Files";
			sourceTree = "<group>";
		};
		8F8483A519CB313800DF1E16 /* bti8108.groupbjjm.diabetespassTests */ = {
			isa = PBXGroup;
			children = (
				8F8483AB19CB313800DF1E16 /* bti8108_groupbjjm_diabetespassTests.m */,
				8F8483A619CB313800DF1E16 /* Supporting Files */,
			);
			path = bti8108.groupbjjm.diabetespassTests;
			sourceTree = "<group>";
		};
		8F8483A619CB313800DF1E16 /* Supporting Files */ = {
			isa = PBXGroup;
			children = (
				8F8483A719CB313800DF1E16 /* diabetesAppTests-Info.plist */,
				8F8483A819CB313800DF1E16 /* InfoPlist.strings */,
			);
			name = "Supporting Files";
			sourceTree = "<group>";
		};
		8F945F871A360CD40036EA4C /* SchemaView */ = {
			isa = PBXGroup;
			children = (
				8F5050C61A3A33F0004EC199 /* SetSchemaViewController.h */,
				8F5050C31A3A334F004EC199 /* SchemaViewController.h */,
				8F5050C41A3A334F004EC199 /* SchemaViewController.m */,
				8F5050C71A3A33F0004EC199 /* SetSchemaViewController.m */,
				8F381F641A3AE4B400F7F2E3 /* SchemaBaseController.h */,
				8F381F651A3AE4B400F7F2E3 /* SchemaBaseController.m */,
			);
			name = SchemaView;
			sourceTree = "<group>";
		};
		8F945F881A360CE20036EA4C /* SchemaView */ = {
			isa = PBXGroup;
			children = (
				8F945F841A360AB70036EA4C /* SettingsSchemaView.h */,
				8F945F851A360AB70036EA4C /* SettingsSchemaView.m */,
				8F381F671A3AF60D00F7F2E3 /* SchemaViewDaySelection.h */,
				8F381F681A3AF60D00F7F2E3 /* SchemaViewDaySelection.m */,
			);
			name = SchemaView;
			sourceTree = "<group>";
		};
		8FA1A5221A1CCE26009E1E6C /* Libraries */ = {
			isa = PBXGroup;
			children = (
				8F5FBE6F1A3F839F00E82409 /* OAuth */,
				8FA1A5261A1CD865009E1E6C /* JBCharts */,
			);
			name = Libraries;
			sourceTree = "<group>";
		};
		8FA1A5231A1CD285009E1E6C /* Controllers */ = {
			isa = PBXGroup;
			children = (
				8F5FAB7E1A1E15670027A02A /* Base */,
				8FC065471A0C1C1B00D853E6 /* Overview */,
				8F5FAB741A1E12EA0027A02A /* Settings */,
				8F945F871A360CD40036EA4C /* SchemaView */,
				8F19E1C11A4203690028555F /* Diary */,
			);
			name = Controllers;
			sourceTree = "<group>";
		};
		8FA1A5241A1CD28C009E1E6C /* Views */ = {
			isa = PBXGroup;
			children = (
				8F5FAB921A1E16A50027A02A /* HeaderFooter */,
				8F5FAB881A1E165C0027A02A /* MISC */,
				8F945F881A360CE20036EA4C /* SchemaView */,
			);
			name = Views;
			sourceTree = "<group>";
		};
		8FA1A5251A1CD2A2009E1E6C /* Delegate */ = {
			isa = PBXGroup;
			children = (
				8F84838919CB313800DF1E16 /* ch_bfh_bti8108_groupbjjmAppDelegate.h */,
				8F84838A19CB313800DF1E16 /* ch_bfh_bti8108_groupbjjmAppDelegate.m */,
			);
			name = Delegate;
			sourceTree = "<group>";
		};
		8FA1A5261A1CD865009E1E6C /* JBCharts */ = {
			isa = PBXGroup;
			children = (
				8FA1A5271A1CD865009E1E6C /* JBBarChartView.h */,
				8FA1A5281A1CD865009E1E6C /* JBBarChartView.m */,
				8FA1A5291A1CD865009E1E6C /* JBChartView.h */,
				8FA1A52A1A1CD865009E1E6C /* JBChartView.m */,
				8FA1A52B1A1CD865009E1E6C /* JBLineChartView.h */,
				8FA1A52C1A1CD865009E1E6C /* JBLineChartView.m */,
			);
			name = JBCharts;
			path = Classes;
			sourceTree = "<group>";
		};
		8FC065471A0C1C1B00D853E6 /* Overview */ = {
			isa = PBXGroup;
			children = (
				8FFB56B41A26626A00B48B6C /* Charts */,
				8FC065381A0BC56100D853E6 /* CheckupPageViewController.h */,
				8FC065391A0BC56100D853E6 /* CheckupPageViewController.m */,
				8FC0653B1A0BC82300D853E6 /* MainTabViewController.h */,
				8FC0653C1A0BC82300D853E6 /* MainTabViewController.m */,
				8FC0653E1A0C07AE00D853E6 /* CheckupViewController.h */,
				8FC0653F1A0C07AE00D853E6 /* CheckupViewController.m */,
				8FC065411A0C1BDE00D853E6 /* BlutzuckerPageViewController.h */,
				8FC065421A0C1BDE00D853E6 /* BlutzuckerPageViewController.m */,
				8FC065441A0C1C0A00D853E6 /* BlutdruckPageViewController.h */,
				8FC065451A0C1C0A00D853E6 /* BlutdruckPageViewController.m */,
				8FC065481A0C1C3E00D853E6 /* PulsPageViewController.h */,
				8FC065491A0C1C3E00D853E6 /* PulsPageViewController.m */,
				8FC0654B1A0C1C6300D853E6 /* GewichtPageViewController.h */,
				8FC0654C1A0C1C6300D853E6 /* GewichtPageViewController.m */,
				8FC0654E1A0C204A00D853E6 /* BasePageViewController.h */,
				8FC0654F1A0C204A00D853E6 /* BasePageViewController.m */,
				8F5FAB991A1E2D3A0027A02A /* BlutdruckChartPageViewController.h */,
				8F5FAB9A1A1E2D3A0027A02A /* BlutdruckChartPageViewController.m */,
			);
			name = Overview;
			sourceTree = "<group>";
		};
		8FC857B91A0CFAA6005DD780 /* images */ = {
			isa = PBXGroup;
			children = (
				8F19E1C91A4325250028555F /* iOS_7_icon_shape.png */,
				8F945F911A3834A50036EA4C /* SchemaBackground@2x.png */,
				8F945F891A363E540036EA4C /* evening@2x.png */,
				8F945F8A1A363E540036EA4C /* morning@2x.png */,
				8F945F8B1A363E540036EA4C /* night@2x.png */,
				8F945F8C1A363E540036EA4C /* noon@2x.png */,
				8F945F801A3609820036EA4C /* off@2x.png */,
				8F945F811A3609820036EA4C /* on@2x.png */,
				8F2EC2301A276E950064DD95 /* list@2x.png */,
				8F2EC2281A276E280064DD95 /* diary@2x.png */,
				8F2EC2291A276E280064DD95 /* settings@2x.png */,
				8F2EC22A1A276E280064DD95 /* home@2x.png */,
				8F2EC22B1A276E280064DD95 /* table.png */,
				8FC857BA1A0CFD35005DD780 /* glucose.png */,
				8FC857AD1A0CFA9D005DD780 /* apfel_biss.png */,
				8FC857AE1A0CFA9D005DD780 /* apfel_ganz.png */,
				8FC857AF1A0CFA9D005DD780 /* blutdruck.png */,
				8FC857B01A0CFA9D005DD780 /* gewicht.png */,
				8FC857B11A0CFA9D005DD780 /* male.png */,
				8FC857B21A0CFA9D005DD780 /* puls.png */,
			);
			name = images;
			sourceTree = "<group>";
		};
		8FFB56B41A26626A00B48B6C /* Charts */ = {
			isa = PBXGroup;
			children = (
				8FFE74521A2F3BAF00CE204A /* JBLineChartViewControllerBlutdruck.h */,
				8FFE74531A2F3BC100CE204A /* JBLineChartViewControllerBlutdruck.m */,
				8F5FAB751A1E149E0027A02A /* JBLineChartViewControllerBlutzucker.h */,
				8F5FAB761A1E149E0027A02A /* JBLineChartViewControllerBlutzucker.m */,
				8FFE74551A2F3C7C00CE204A /* JBLineChartViewControllerGewicht.h */,
				8FFE74561A2F3CA900CE204A /* JBLineChartViewControllerGewicht.m */,
				8FFE74581A2F3D3E00CE204A /* JBLineChartViewControllerPuls.h */,
				8FFE74591A2F3D5000CE204A /* JBLineChartViewControllerPuls.m */,
			);
			name = Charts;
			sourceTree = "<group>";
		};
/* End PBXGroup section */

/* Begin PBXNativeTarget section */
		8F84837619CB313700DF1E16 /* diabetesApp */ = {
			isa = PBXNativeTarget;
			buildConfigurationList = 8F8483AF19CB313800DF1E16 /* Build configuration list for PBXNativeTarget "diabetesApp" */;
			buildPhases = (
				8F84837319CB313700DF1E16 /* Sources */,
				8F84837419CB313700DF1E16 /* Frameworks */,
				8F84837519CB313700DF1E16 /* Resources */,
			);
			buildRules = (
			);
			dependencies = (
			);
			name = diabetesApp;
			productName = bti8108.groupbjjm.diabetespass;
			productReference = 8F84837719CB313800DF1E16 /* diabetesApp.app */;
			productType = "com.apple.product-type.application";
		};
/* End PBXNativeTarget section */

/* Begin PBXProject section */
		8F84836F19CB313700DF1E16 /* Project object */ = {
			isa = PBXProject;
			attributes = {
				CLASSPREFIX = ch.bfh.bti8108.groupbjjm;
				LastUpgradeCheck = 0510;
				ORGANIZATIONNAME = "Berner Fachhochschule";
				TargetAttributes = {
					8F84837619CB313700DF1E16 = {
						DevelopmentTeam = 858Y9EWZ4B;
						SystemCapabilities = {
							com.apple.HealthKit = {
								enabled = 1;
							};
							com.apple.Keychain = {
								enabled = 0;
							};
							com.apple.iOS = {
								enabled = 1;
							};
						};
					};
				};
			};
			buildConfigurationList = 8F84837219CB313700DF1E16 /* Build configuration list for PBXProject "diabetesApp" */;
			compatibilityVersion = "Xcode 3.2";
			developmentRegion = English;
			hasScannedForEncodings = 0;
			knownRegions = (
				en,
				Base,
			);
			mainGroup = 8F84836E19CB313700DF1E16;
			productRefGroup = 8F84837819CB313800DF1E16 /* Products */;
			projectDirPath = "";
			projectRoot = "";
			targets = (
				8F84837619CB313700DF1E16 /* diabetesApp */,
			);
		};
/* End PBXProject section */

/* Begin PBXResourcesBuildPhase section */
		8F84837519CB313700DF1E16 /* Resources */ = {
			isa = PBXResourcesBuildPhase;
			buildActionMask = 2147483647;
			files = (
				8F945F8E1A363E540036EA4C /* morning@2x.png in Resources */,
				8F2EC22C1A276E280064DD95 /* diary@2x.png in Resources */,
				8F19E1CA1A4325250028555F /* iOS_7_icon_shape.png in Resources */,
				8F2EC22E1A276E280064DD95 /* home@2x.png in Resources */,
				8F945F831A3609820036EA4C /* on@2x.png in Resources */,
				8FC857BB1A0CFD35005DD780 /* glucose.png in Resources */,
				8FC857B61A0CFA9D005DD780 /* gewicht.png in Resources */,
				8F945F8F1A363E540036EA4C /* night@2x.png in Resources */,
				8F84839919CB313800DF1E16 /* Images.xcassets in Resources */,
				8FC857B81A0CFA9D005DD780 /* puls.png in Resources */,
				8F945F8D1A363E540036EA4C /* evening@2x.png in Resources */,
				8FC857B71A0CFA9D005DD780 /* male.png in Resources */,
				8F2EC2311A276E950064DD95 /* list@2x.png in Resources */,
				8F2EC22D1A276E280064DD95 /* settings@2x.png in Resources */,
				8FC857B31A0CFA9D005DD780 /* apfel_biss.png in Resources */,
				8F84838E19CB313800DF1E16 /* Main_iPhone.storyboard in Resources */,
				8F945F901A363E540036EA4C /* noon@2x.png in Resources */,
				8F84838519CB313800DF1E16 /* InfoPlist.strings in Resources */,
				8FC857B51A0CFA9D005DD780 /* blutdruck.png in Resources */,
				8FC857B41A0CFA9D005DD780 /* apfel_ganz.png in Resources */,
				8F8B12291A14FF5700ABC711 /* Launch Screen.xib in Resources */,
				8F19E1C51A4215630028555F /* DiaryTableCell.xib in Resources */,
				8F2EC22F1A276E280064DD95 /* table.png in Resources */,
				8F945F821A3609820036EA4C /* off@2x.png in Resources */,
				8F945F921A3834A50036EA4C /* SchemaBackground@2x.png in Resources */,
			);
			runOnlyForDeploymentPostprocessing = 0;
		};
/* End PBXResourcesBuildPhase section */

/* Begin PBXSourcesBuildPhase section */
		8F84837319CB313700DF1E16 /* Sources */ = {
			isa = PBXSourcesBuildPhase;
			buildActionMask = 2147483647;
			files = (
				8F19E1C81A4216640028555F /* DiaryTableCell.m in Sources */,
				8F5FBE6C1A3F839000E82409 /* sha1.c in Sources */,
				8FC333351A2F76780051122A /* JBLineChartViewControllerBlutdruck.m in Sources */,
				8FC333361A2F76780051122A /* JBLineChartViewControllerGewicht.m in Sources */,
				8F19E1BF1A41FCF90028555F /* DiaryEntry.m in Sources */,
				8FC333371A2F76780051122A /* JBLineChartViewControllerPuls.m in Sources */,
				8FC333311A2F73D40051122A /* BlutzuckerPageViewController.m in Sources */,
				8FC065461A0C1C0A00D853E6 /* BlutdruckPageViewController.m in Sources */,
				8FA1A52F1A1CD865009E1E6C /* JBLineChartView.m in Sources */,
				8F5FAB901A1E169D0027A02A /* JBLineChartFooterView.m in Sources */,
				8F5FAB711A1E12E30027A02A /* SettingsPageViewController.m in Sources */,
				8F5FAB861A1E163C0027A02A /* JBChartTooltipTipView.m in Sources */,
				8F5FAB9B1A1E2D3A0027A02A /* BlutdruckChartPageViewController.m in Sources */,
				8FA1A52E1A1CD865009E1E6C /* JBChartView.m in Sources */,
				8F84838B19CB313800DF1E16 /* ch_bfh_bti8108_groupbjjmAppDelegate.m in Sources */,
				8F5FBE6B1A3F839000E82409 /* hmac.c in Sources */,
				8F19E1BC1A40C5950028555F /* DiaryViewController.m in Sources */,
				8FC0653D1A0BC82300D853E6 /* MainTabViewController.m in Sources */,
				8F5FAB8F1A1E169D0027A02A /* JBBarChartFooterView.m in Sources */,
				8F945F861A360AB70036EA4C /* SettingsSchemaView.m in Sources */,
				8F5FBE6A1A3F839000E82409 /* Base64Transcoder.c in Sources */,
				8FA1A52D1A1CD865009E1E6C /* JBBarChartView.m in Sources */,
				8F5050C81A3A33F0004EC199 /* SetSchemaViewController.m in Sources */,
				8F5FAB731A1E12E30027A02A /* SettingsTherapyPageViewController.m in Sources */,
				8F84838719CB313800DF1E16 /* main.m in Sources */,
				8F5FAB871A1E163C0027A02A /* JBChartTooltipView.m in Sources */,
				8F5FAB851A1E163C0027A02A /* JBChartInformationView.m in Sources */,
				8F381F661A3AE4B400F7F2E3 /* SchemaBaseController.m in Sources */,
				DE9319151A1F6DEA00A694C0 /* NotfallViewController.m in Sources */,
				8F381F691A3AF60D00F7F2E3 /* SchemaViewDaySelection.m in Sources */,
				8F5FAB771A1E149E0027A02A /* JBLineChartViewControllerBlutzucker.m in Sources */,
				8FC0653A1A0BC56100D853E6 /* CheckupPageViewController.m in Sources */,
				8F5FAB7C1A1E155E0027A02A /* JBBaseChartViewController.m in Sources */,
				8F5FBE6D1A3F839000E82409 /* NSString+URLEncoding.m in Sources */,
				8F5FAB911A1E169D0027A02A /* JBChartHeaderView.m in Sources */,
				8F5FAB721A1E12E30027A02A /* SettingsTypPageViewController.m in Sources */,
				8FC0654A1A0C1C3E00D853E6 /* PulsPageViewController.m in Sources */,
				8FC0654D1A0C1C6300D853E6 /* GewichtPageViewController.m in Sources */,
				8F5050C51A3A334F004EC199 /* SchemaViewController.m in Sources */,
				8FC065401A0C07AE00D853E6 /* CheckupViewController.m in Sources */,
				8FC065501A0C204A00D853E6 /* BasePageViewController.m in Sources */,
				8FC3333B1A2FA86B0051122A /* SettingsWithingsViewController.m in Sources */,
				8F5FBE6E1A3F839000E82409 /* OAuth1Controller.m in Sources */,
				8F5FAB7D1A1E155E0027A02A /* JBBaseViewController.m in Sources */,
			);
			runOnlyForDeploymentPostprocessing = 0;
		};
/* End PBXSourcesBuildPhase section */

/* Begin PBXVariantGroup section */
		8F84838319CB313800DF1E16 /* InfoPlist.strings */ = {
			isa = PBXVariantGroup;
			children = (
				8F84838419CB313800DF1E16 /* en */,
			);
			name = InfoPlist.strings;
			sourceTree = "<group>";
		};
		8F84838C19CB313800DF1E16 /* Main_iPhone.storyboard */ = {
			isa = PBXVariantGroup;
			children = (
				8F84838D19CB313800DF1E16 /* Base */,
			);
			name = Main_iPhone.storyboard;
			sourceTree = "<group>";
		};
		8F8483A819CB313800DF1E16 /* InfoPlist.strings */ = {
			isa = PBXVariantGroup;
			children = (
				8F8483A919CB313800DF1E16 /* en */,
			);
			name = InfoPlist.strings;
			sourceTree = "<group>";
		};
/* End PBXVariantGroup section */

/* Begin XCBuildConfiguration section */
		8F8483AD19CB313800DF1E16 /* Debug */ = {
			isa = XCBuildConfiguration;
			buildSettings = {
				ALWAYS_SEARCH_USER_PATHS = NO;
				CLANG_CXX_LANGUAGE_STANDARD = "gnu++0x";
				CLANG_CXX_LIBRARY = "libc++";
				CLANG_ENABLE_MODULES = YES;
				CLANG_ENABLE_OBJC_ARC = YES;
				CLANG_WARN_BOOL_CONVERSION = YES;
				CLANG_WARN_CONSTANT_CONVERSION = YES;
				CLANG_WARN_DIRECT_OBJC_ISA_USAGE = YES_ERROR;
				CLANG_WARN_EMPTY_BODY = YES;
				CLANG_WARN_ENUM_CONVERSION = YES;
				CLANG_WARN_INT_CONVERSION = YES;
				CLANG_WARN_OBJC_ROOT_CLASS = YES_ERROR;
				CLANG_WARN__DUPLICATE_METHOD_MATCH = YES;
				"CODE_SIGN_IDENTITY[sdk=iphoneos*]" = "iPhone Developer";
				COPY_PHASE_STRIP = NO;
				GCC_C_LANGUAGE_STANDARD = gnu99;
				GCC_DYNAMIC_NO_PIC = NO;
				GCC_OPTIMIZATION_LEVEL = 0;
				GCC_PREPROCESSOR_DEFINITIONS = (
					"DEBUG=1",
					"$(inherited)",
				);
				GCC_SYMBOLS_PRIVATE_EXTERN = NO;
				GCC_WARN_64_TO_32_BIT_CONVERSION = YES;
				GCC_WARN_ABOUT_RETURN_TYPE = YES_ERROR;
				GCC_WARN_UNDECLARED_SELECTOR = YES;
				GCC_WARN_UNINITIALIZED_AUTOS = YES_AGGRESSIVE;
				GCC_WARN_UNUSED_FUNCTION = YES;
				GCC_WARN_UNUSED_VARIABLE = YES;
				IPHONEOS_DEPLOYMENT_TARGET = 7.1;
				ONLY_ACTIVE_ARCH = YES;
				SDKROOT = iphoneos;
				TARGETED_DEVICE_FAMILY = "1,2";
			};
			name = Debug;
		};
		8F8483AE19CB313800DF1E16 /* Release */ = {
			isa = XCBuildConfiguration;
			buildSettings = {
				ALWAYS_SEARCH_USER_PATHS = NO;
				CLANG_CXX_LANGUAGE_STANDARD = "gnu++0x";
				CLANG_CXX_LIBRARY = "libc++";
				CLANG_ENABLE_MODULES = YES;
				CLANG_ENABLE_OBJC_ARC = YES;
				CLANG_WARN_BOOL_CONVERSION = YES;
				CLANG_WARN_CONSTANT_CONVERSION = YES;
				CLANG_WARN_DIRECT_OBJC_ISA_USAGE = YES_ERROR;
				CLANG_WARN_EMPTY_BODY = YES;
				CLANG_WARN_ENUM_CONVERSION = YES;
				CLANG_WARN_INT_CONVERSION = YES;
				CLANG_WARN_OBJC_ROOT_CLASS = YES_ERROR;
				CLANG_WARN__DUPLICATE_METHOD_MATCH = YES;
				"CODE_SIGN_IDENTITY[sdk=iphoneos*]" = "iPhone Developer";
				COPY_PHASE_STRIP = YES;
				ENABLE_NS_ASSERTIONS = NO;
				GCC_C_LANGUAGE_STANDARD = gnu99;
				GCC_WARN_64_TO_32_BIT_CONVERSION = YES;
				GCC_WARN_ABOUT_RETURN_TYPE = YES_ERROR;
				GCC_WARN_UNDECLARED_SELECTOR = YES;
				GCC_WARN_UNINITIALIZED_AUTOS = YES_AGGRESSIVE;
				GCC_WARN_UNUSED_FUNCTION = YES;
				GCC_WARN_UNUSED_VARIABLE = YES;
				IPHONEOS_DEPLOYMENT_TARGET = 7.1;
				SDKROOT = iphoneos;
				TARGETED_DEVICE_FAMILY = "1,2";
				VALIDATE_PRODUCT = YES;
			};
			name = Release;
		};
		8F8483B019CB313800DF1E16 /* Debug */ = {
			isa = XCBuildConfiguration;
			buildSettings = {
				ASSETCATALOG_COMPILER_APPICON_NAME = AppIcon;
				ASSETCATALOG_COMPILER_LAUNCHIMAGE_NAME = LaunchImage;
				CODE_SIGN_ENTITLEMENTS = bti8108.groupbjjm.diabetespass/bti8108.groupbjjm.diabetespass.entitlements;
				CODE_SIGN_IDENTITY = "iPhone Developer";
				"CODE_SIGN_IDENTITY[sdk=iphoneos*]" = "iPhone Developer";
				GCC_PRECOMPILE_PREFIX_HEADER = YES;
				GCC_PREFIX_HEADER = "bti8108.groupbjjm.diabetespass/diabetesApp-Prefix.pch";
				INFOPLIST_FILE = "bti8108.groupbjjm.diabetespass/diabetesApp-Info.plist";
				PRODUCT_NAME = diabetesApp;
				PROVISIONING_PROFILE = "";
				TARGETED_DEVICE_FAMILY = 1;
				WRAPPER_EXTENSION = app;
			};
			name = Debug;
		};
		8F8483B119CB313800DF1E16 /* Release */ = {
			isa = XCBuildConfiguration;
			buildSettings = {
				ASSETCATALOG_COMPILER_APPICON_NAME = AppIcon;
				ASSETCATALOG_COMPILER_LAUNCHIMAGE_NAME = LaunchImage;
				CODE_SIGN_ENTITLEMENTS = bti8108.groupbjjm.diabetespass/bti8108.groupbjjm.diabetespass.entitlements;
				CODE_SIGN_IDENTITY = "iPhone Developer";
				"CODE_SIGN_IDENTITY[sdk=iphoneos*]" = "iPhone Developer";
				GCC_PRECOMPILE_PREFIX_HEADER = YES;
				GCC_PREFIX_HEADER = "bti8108.groupbjjm.diabetespass/diabetesApp-Prefix.pch";
				INFOPLIST_FILE = "bti8108.groupbjjm.diabetespass/diabetesApp-Info.plist";
				PRODUCT_NAME = diabetesApp;
				PROVISIONING_PROFILE = "";
				TARGETED_DEVICE_FAMILY = 1;
				WRAPPER_EXTENSION = app;
			};
			name = Release;
		};
/* End XCBuildConfiguration section */

/* Begin XCConfigurationList section */
		8F84837219CB313700DF1E16 /* Build configuration list for PBXProject "diabetesApp" */ = {
			isa = XCConfigurationList;
			buildConfigurations = (
				8F8483AD19CB313800DF1E16 /* Debug */,
				8F8483AE19CB313800DF1E16 /* Release */,
			);
			defaultConfigurationIsVisible = 0;
			defaultConfigurationName = Release;
		};
		8F8483AF19CB313800DF1E16 /* Build configuration list for PBXNativeTarget "diabetesApp" */ = {
			isa = XCConfigurationList;
			buildConfigurations = (
				8F8483B019CB313800DF1E16 /* Debug */,
				8F8483B119CB313800DF1E16 /* Release */,
			);
			defaultConfigurationIsVisible = 0;
			defaultConfigurationName = Release;
		};
/* End XCConfigurationList section */
	};
	rootObject = 8F84836F19CB313700DF1E16 /* Project object */;
}
